// !$*UTF8*$!
{
	archiveVersion = 1;
	classes = {
	};
	objectVersion = 46;
	objects = {

/* Begin PBXBuildFile section */
		18129C51196B8FD50004AE71 /* CoreBluetooth.framework in Frameworks */ = {isa = PBXBuildFile; fileRef = 18129C50196B8FD50004AE71 /* CoreBluetooth.framework */; };
		189B1AA119750D0200F2E708 /* omnom_02.png in Resources */ = {isa = PBXBuildFile; fileRef = 189B1AA019750D0100F2E708 /* omnom_02.png */; };
		189B1AA219750D0200F2E708 /* omnom_02.png in Resources */ = {isa = PBXBuildFile; fileRef = 189B1AA019750D0100F2E708 /* omnom_02.png */; };
		189B1AA419750EAF00F2E708 /* background.jpg in Resources */ = {isa = PBXBuildFile; fileRef = 189B1AA319750EAF00F2E708 /* background.jpg */; };
		189B1AA519750EAF00F2E708 /* background.jpg in Resources */ = {isa = PBXBuildFile; fileRef = 189B1AA319750EAF00F2E708 /* background.jpg */; };
		18A92B79196B80EE00F78849 /* button.png in Resources */ = {isa = PBXBuildFile; fileRef = 18A92B78196B80EE00F78849 /* button.png */; };
		18A92B7B196B816400F78849 /* button-2.png in Resources */ = {isa = PBXBuildFile; fileRef = 18A92B7A196B816400F78849 /* button-2.png */; };
		18A92B7C196B816400F78849 /* button-2.png in Resources */ = {isa = PBXBuildFile; fileRef = 18A92B7A196B816400F78849 /* button-2.png */; };
		18A92B80196B81B800F78849 /* iBeaconViewController.m in Sources */ = {isa = PBXBuildFile; fileRef = 18A92B7E196B81B800F78849 /* iBeaconViewController.m */; };
		18A92B81196B81B800F78849 /* iBeaconViewController.m in Sources */ = {isa = PBXBuildFile; fileRef = 18A92B7E196B81B800F78849 /* iBeaconViewController.m */; };
		18A92B82196B81B800F78849 /* iBeaconViewController.xib in Resources */ = {isa = PBXBuildFile; fileRef = 18A92B7F196B81B800F78849 /* iBeaconViewController.xib */; };
		18A92B83196B81B800F78849 /* iBeaconViewController.xib in Resources */ = {isa = PBXBuildFile; fileRef = 18A92B7F196B81B800F78849 /* iBeaconViewController.xib */; };
		18A92B87196B820E00F78849 /* WelcomeViewController.m in Sources */ = {isa = PBXBuildFile; fileRef = 18A92B85196B820E00F78849 /* WelcomeViewController.m */; };
		18A92B88196B820E00F78849 /* WelcomeViewController.m in Sources */ = {isa = PBXBuildFile; fileRef = 18A92B85196B820E00F78849 /* WelcomeViewController.m */; };
		18A92B89196B820E00F78849 /* WelcomeViewController.xib in Resources */ = {isa = PBXBuildFile; fileRef = 18A92B86196B820E00F78849 /* WelcomeViewController.xib */; };
		18A92B8A196B820E00F78849 /* WelcomeViewController.xib in Resources */ = {isa = PBXBuildFile; fileRef = 18A92B86196B820E00F78849 /* WelcomeViewController.xib */; };
		18A92B8E196B822A00F78849 /* FSoftViewController.m in Sources */ = {isa = PBXBuildFile; fileRef = 18A92B8C196B822A00F78849 /* FSoftViewController.m */; };
		18A92B8F196B822A00F78849 /* FSoftViewController.m in Sources */ = {isa = PBXBuildFile; fileRef = 18A92B8C196B822A00F78849 /* FSoftViewController.m */; };
		18A92B90196B822A00F78849 /* FSoftViewController.xib in Resources */ = {isa = PBXBuildFile; fileRef = 18A92B8D196B822A00F78849 /* FSoftViewController.xib */; };
		18A92B91196B822A00F78849 /* FSoftViewController.xib in Resources */ = {isa = PBXBuildFile; fileRef = 18A92B8D196B822A00F78849 /* FSoftViewController.xib */; };
		18A92B95196B824B00F78849 /* FSU1ViewController.m in Sources */ = {isa = PBXBuildFile; fileRef = 18A92B93196B824B00F78849 /* FSU1ViewController.m */; };
		18A92B96196B824B00F78849 /* FSU1ViewController.m in Sources */ = {isa = PBXBuildFile; fileRef = 18A92B93196B824B00F78849 /* FSU1ViewController.m */; };
		18A92B97196B824B00F78849 /* FSU1ViewController.xib in Resources */ = {isa = PBXBuildFile; fileRef = 18A92B94196B824B00F78849 /* FSU1ViewController.xib */; };
		18A92B98196B824B00F78849 /* FSU1ViewController.xib in Resources */ = {isa = PBXBuildFile; fileRef = 18A92B94196B824B00F78849 /* FSU1ViewController.xib */; };
		18A92B9C196B825A00F78849 /* CafeViewController.m in Sources */ = {isa = PBXBuildFile; fileRef = 18A92B9A196B825A00F78849 /* CafeViewController.m */; };
		18A92B9D196B825A00F78849 /* CafeViewController.m in Sources */ = {isa = PBXBuildFile; fileRef = 18A92B9A196B825A00F78849 /* CafeViewController.m */; };
		18A92B9E196B825A00F78849 /* CafeViewController.xib in Resources */ = {isa = PBXBuildFile; fileRef = 18A92B9B196B825A00F78849 /* CafeViewController.xib */; };
		18A92B9F196B825A00F78849 /* CafeViewController.xib in Resources */ = {isa = PBXBuildFile; fileRef = 18A92B9B196B825A00F78849 /* CafeViewController.xib */; };
		18C54B62196E25060056865D /* FTourLogo.png in Resources */ = {isa = PBXBuildFile; fileRef = 18C54B61196E25060056865D /* FTourLogo.png */; };
		18C54B64196E26B00056865D /* MediaPlayer.framework in Frameworks */ = {isa = PBXBuildFile; fileRef = 18C54B63196E26B00056865D /* MediaPlayer.framework */; };
		18C54B66196E38A40056865D /* MessageUI.framework in Frameworks */ = {isa = PBXBuildFile; fileRef = 18C54B65196E38A40056865D /* MessageUI.framework */; };
		18DAF88D196CF08B0010CCFB /* MenuTableViewController.m in Sources */ = {isa = PBXBuildFile; fileRef = 18DAF88B196CF08B0010CCFB /* MenuTableViewController.m */; };
		18DAF88E196CF08B0010CCFB /* MenuTableViewController.m in Sources */ = {isa = PBXBuildFile; fileRef = 18DAF88B196CF08B0010CCFB /* MenuTableViewController.m */; };
		18DAF88F196CF08B0010CCFB /* MenuTableViewController.xib in Resources */ = {isa = PBXBuildFile; fileRef = 18DAF88C196CF08B0010CCFB /* MenuTableViewController.xib */; };
		18DAF890196CF08B0010CCFB /* MenuTableViewController.xib in Resources */ = {isa = PBXBuildFile; fileRef = 18DAF88C196CF08B0010CCFB /* MenuTableViewController.xib */; };
		18F2BFC3196B8978003A87EA /* CoreLocation.framework in Frameworks */ = {isa = PBXBuildFile; fileRef = 18F2BFC2196B8978003A87EA /* CoreLocation.framework */; };
		613D1FE7196BD8B0002E69CF /* LogoFSO(2).png in Resources */ = {isa = PBXBuildFile; fileRef = 613D1FE6196BD8B0002E69CF /* LogoFSO(2).png */; };
		613D1FEB196BEB79002E69CF /* MCafe.json in Resources */ = {isa = PBXBuildFile; fileRef = 613D1FE9196BEB79002E69CF /* MCafe.json */; };
		61E1DD3F1973CCEF0037DFD2 /* FSU1DetailViewController.m in Sources */ = {isa = PBXBuildFile; fileRef = 61E1DD3D1973CCEF0037DFD2 /* FSU1DetailViewController.m */; };
		61E1DD401973CCEF0037DFD2 /* FSU1DetailViewController.xib in Resources */ = {isa = PBXBuildFile; fileRef = 61E1DD3E1973CCEF0037DFD2 /* FSU1DetailViewController.xib */; };
		61E1DD421973CE020037DFD2 /* avatar.jpg in Resources */ = {isa = PBXBuildFile; fileRef = 61E1DD411973CE020037DFD2 /* avatar.jpg */; };
		61E1DD441974240D0037DFD2 /* FSoft720R.mov in Resources */ = {isa = PBXBuildFile; fileRef = 61E1DD431974240D0037DFD2 /* FSoft720R.mov */; };
		61E1DD46197425C90037DFD2 /* FSU1720R.mov in Resources */ = {isa = PBXBuildFile; fileRef = 61E1DD45197425C90037DFD2 /* FSU1720R.mov */; };
		61E1DD4C1975064A0037DFD2 /* FTourLogo5.png in Resources */ = {isa = PBXBuildFile; fileRef = 61E1DD471975064A0037DFD2 /* FTourLogo5.png */; };
		61E1DD4D1975064A0037DFD2 /* FTourLogo4.png in Resources */ = {isa = PBXBuildFile; fileRef = 61E1DD481975064A0037DFD2 /* FTourLogo4.png */; };
		61E1DD4E1975064A0037DFD2 /* FTourLogo3.png in Resources */ = {isa = PBXBuildFile; fileRef = 61E1DD491975064A0037DFD2 /* FTourLogo3.png */; };
		61E1DD4F1975064A0037DFD2 /* FTourLogo2.png in Resources */ = {isa = PBXBuildFile; fileRef = 61E1DD4A1975064A0037DFD2 /* FTourLogo2.png */; };
		61E1DD501975064A0037DFD2 /* FTourLogo1.png in Resources */ = {isa = PBXBuildFile; fileRef = 61E1DD4B1975064A0037DFD2 /* FTourLogo1.png */; };
		84A62AAC196A96F500D73A95 /* Foundation.framework in Frameworks */ = {isa = PBXBuildFile; fileRef = 84A62AAB196A96F500D73A95 /* Foundation.framework */; };
		84A62AAE196A96F500D73A95 /* CoreGraphics.framework in Frameworks */ = {isa = PBXBuildFile; fileRef = 84A62AAD196A96F500D73A95 /* CoreGraphics.framework */; };
		84A62AB0196A96F500D73A95 /* UIKit.framework in Frameworks */ = {isa = PBXBuildFile; fileRef = 84A62AAF196A96F500D73A95 /* UIKit.framework */; };
		84A62AB6196A96F500D73A95 /* InfoPlist.strings in Resources */ = {isa = PBXBuildFile; fileRef = 84A62AB4196A96F500D73A95 /* InfoPlist.strings */; };
		84A62AB8196A96F500D73A95 /* main.m in Sources */ = {isa = PBXBuildFile; fileRef = 84A62AB7196A96F500D73A95 /* main.m */; };
		84A62ABC196A96F500D73A95 /* AppDelegate.m in Sources */ = {isa = PBXBuildFile; fileRef = 84A62ABB196A96F500D73A95 /* AppDelegate.m */; };
		84A62AC2196A96F500D73A95 /* ViewController.m in Sources */ = {isa = PBXBuildFile; fileRef = 84A62AC1196A96F500D73A95 /* ViewController.m */; };
		84A62AC4196A96F500D73A95 /* Images.xcassets in Resources */ = {isa = PBXBuildFile; fileRef = 84A62AC3196A96F500D73A95 /* Images.xcassets */; };
		84A62ACB196A96F500D73A95 /* XCTest.framework in Frameworks */ = {isa = PBXBuildFile; fileRef = 84A62ACA196A96F500D73A95 /* XCTest.framework */; };
		84A62ACC196A96F500D73A95 /* Foundation.framework in Frameworks */ = {isa = PBXBuildFile; fileRef = 84A62AAB196A96F500D73A95 /* Foundation.framework */; };
		84A62ACD196A96F500D73A95 /* UIKit.framework in Frameworks */ = {isa = PBXBuildFile; fileRef = 84A62AAF196A96F500D73A95 /* UIKit.framework */; };
		84A62AD5196A96F500D73A95 /* InfoPlist.strings in Resources */ = {isa = PBXBuildFile; fileRef = 84A62AD3196A96F500D73A95 /* InfoPlist.strings */; };
		84A62AD7196A96F500D73A95 /* FTourTests.m in Sources */ = {isa = PBXBuildFile; fileRef = 84A62AD6196A96F500D73A95 /* FTourTests.m */; };
		84A62AE1196A985000D73A95 /* ViewController.xib in Resources */ = {isa = PBXBuildFile; fileRef = 84A62AE0196A985000D73A95 /* ViewController.xib */; };
/* End PBXBuildFile section */

/* Begin PBXContainerItemProxy section */
		84A62ACE196A96F500D73A95 /* PBXContainerItemProxy */ = {
			isa = PBXContainerItemProxy;
			containerPortal = 84A62AA0196A96F400D73A95 /* Project object */;
			proxyType = 1;
			remoteGlobalIDString = 84A62AA7196A96F500D73A95;
			remoteInfo = FTour;
		};
/* End PBXContainerItemProxy section */

/* Begin PBXFileReference section */
		18129C50196B8FD50004AE71 /* CoreBluetooth.framework */ = {isa = PBXFileReference; lastKnownFileType = wrapper.framework; name = CoreBluetooth.framework; path = System/Library/Frameworks/CoreBluetooth.framework; sourceTree = SDKROOT; };
		189B1AA019750D0100F2E708 /* omnom_02.png */ = {isa = PBXFileReference; lastKnownFileType = image.png; path = omnom_02.png; sourceTree = "<group>"; };
		189B1AA319750EAF00F2E708 /* background.jpg */ = {isa = PBXFileReference; lastKnownFileType = image.jpeg; path = background.jpg; sourceTree = "<group>"; };
		18A92B78196B80EE00F78849 /* button.png */ = {isa = PBXFileReference; lastKnownFileType = image.png; path = button.png; sourceTree = "<group>"; };
		18A92B7A196B816400F78849 /* button-2.png */ = {isa = PBXFileReference; lastKnownFileType = image.png; path = "button-2.png"; sourceTree = "<group>"; };
		18A92B7D196B81B800F78849 /* iBeaconViewController.h */ = {isa = PBXFileReference; fileEncoding = 4; lastKnownFileType = sourcecode.c.h; path = iBeaconViewController.h; sourceTree = "<group>"; };
		18A92B7E196B81B800F78849 /* iBeaconViewController.m */ = {isa = PBXFileReference; fileEncoding = 4; lastKnownFileType = sourcecode.c.objc; path = iBeaconViewController.m; sourceTree = "<group>"; };
		18A92B7F196B81B800F78849 /* iBeaconViewController.xib */ = {isa = PBXFileReference; fileEncoding = 4; lastKnownFileType = file.xib; path = iBeaconViewController.xib; sourceTree = "<group>"; };
		18A92B84196B820E00F78849 /* WelcomeViewController.h */ = {isa = PBXFileReference; fileEncoding = 4; lastKnownFileType = sourcecode.c.h; path = WelcomeViewController.h; sourceTree = "<group>"; };
		18A92B85196B820E00F78849 /* WelcomeViewController.m */ = {isa = PBXFileReference; fileEncoding = 4; lastKnownFileType = sourcecode.c.objc; path = WelcomeViewController.m; sourceTree = "<group>"; };
		18A92B86196B820E00F78849 /* WelcomeViewController.xib */ = {isa = PBXFileReference; fileEncoding = 4; lastKnownFileType = file.xib; path = WelcomeViewController.xib; sourceTree = "<group>"; };
		18A92B8B196B822A00F78849 /* FSoftViewController.h */ = {isa = PBXFileReference; fileEncoding = 4; lastKnownFileType = sourcecode.c.h; path = FSoftViewController.h; sourceTree = "<group>"; };
		18A92B8C196B822A00F78849 /* FSoftViewController.m */ = {isa = PBXFileReference; fileEncoding = 4; lastKnownFileType = sourcecode.c.objc; path = FSoftViewController.m; sourceTree = "<group>"; };
		18A92B8D196B822A00F78849 /* FSoftViewController.xib */ = {isa = PBXFileReference; fileEncoding = 4; lastKnownFileType = file.xib; path = FSoftViewController.xib; sourceTree = "<group>"; };
		18A92B92196B824B00F78849 /* FSU1ViewController.h */ = {isa = PBXFileReference; fileEncoding = 4; lastKnownFileType = sourcecode.c.h; path = FSU1ViewController.h; sourceTree = "<group>"; };
		18A92B93196B824B00F78849 /* FSU1ViewController.m */ = {isa = PBXFileReference; fileEncoding = 4; lastKnownFileType = sourcecode.c.objc; path = FSU1ViewController.m; sourceTree = "<group>"; };
		18A92B94196B824B00F78849 /* FSU1ViewController.xib */ = {isa = PBXFileReference; fileEncoding = 4; lastKnownFileType = file.xib; path = FSU1ViewController.xib; sourceTree = "<group>"; };
		18A92B99196B825A00F78849 /* CafeViewController.h */ = {isa = PBXFileReference; fileEncoding = 4; lastKnownFileType = sourcecode.c.h; path = CafeViewController.h; sourceTree = "<group>"; };
		18A92B9A196B825A00F78849 /* CafeViewController.m */ = {isa = PBXFileReference; fileEncoding = 4; lastKnownFileType = sourcecode.c.objc; path = CafeViewController.m; sourceTree = "<group>"; };
		18A92B9B196B825A00F78849 /* CafeViewController.xib */ = {isa = PBXFileReference; fileEncoding = 4; lastKnownFileType = file.xib; path = CafeViewController.xib; sourceTree = "<group>"; };
		18C54B61196E25060056865D /* FTourLogo.png */ = {isa = PBXFileReference; lastKnownFileType = image.png; path = FTourLogo.png; sourceTree = "<group>"; };
		18C54B63196E26B00056865D /* MediaPlayer.framework */ = {isa = PBXFileReference; lastKnownFileType = wrapper.framework; name = MediaPlayer.framework; path = System/Library/Frameworks/MediaPlayer.framework; sourceTree = SDKROOT; };
		18C54B65196E38A40056865D /* MessageUI.framework */ = {isa = PBXFileReference; lastKnownFileType = wrapper.framework; name = MessageUI.framework; path = System/Library/Frameworks/MessageUI.framework; sourceTree = SDKROOT; };
		18DAF88A196CF08B0010CCFB /* MenuTableViewController.h */ = {isa = PBXFileReference; fileEncoding = 4; lastKnownFileType = sourcecode.c.h; path = MenuTableViewController.h; sourceTree = "<group>"; };
		18DAF88B196CF08B0010CCFB /* MenuTableViewController.m */ = {isa = PBXFileReference; fileEncoding = 4; lastKnownFileType = sourcecode.c.objc; path = MenuTableViewController.m; sourceTree = "<group>"; };
		18DAF88C196CF08B0010CCFB /* MenuTableViewController.xib */ = {isa = PBXFileReference; fileEncoding = 4; lastKnownFileType = file.xib; path = MenuTableViewController.xib; sourceTree = "<group>"; };
		18F2BFC2196B8978003A87EA /* CoreLocation.framework */ = {isa = PBXFileReference; lastKnownFileType = wrapper.framework; name = CoreLocation.framework; path = System/Library/Frameworks/CoreLocation.framework; sourceTree = SDKROOT; };
		613D1FE6196BD8B0002E69CF /* LogoFSO(2).png */ = {isa = PBXFileReference; lastKnownFileType = image.png; path = "LogoFSO(2).png"; sourceTree = "<group>"; };
		613D1FE9196BEB79002E69CF /* MCafe.json */ = {isa = PBXFileReference; fileEncoding = 4; lastKnownFileType = text.json; path = MCafe.json; sourceTree = "<group>"; };
		61E1DD3C1973CCEE0037DFD2 /* FSU1DetailViewController.h */ = {isa = PBXFileReference; fileEncoding = 4; lastKnownFileType = sourcecode.c.h; path = FSU1DetailViewController.h; sourceTree = "<group>"; };
		61E1DD3D1973CCEF0037DFD2 /* FSU1DetailViewController.m */ = {isa = PBXFileReference; fileEncoding = 4; lastKnownFileType = sourcecode.c.objc; path = FSU1DetailViewController.m; sourceTree = "<group>"; };
		61E1DD3E1973CCEF0037DFD2 /* FSU1DetailViewController.xib */ = {isa = PBXFileReference; fileEncoding = 4; lastKnownFileType = file.xib; path = FSU1DetailViewController.xib; sourceTree = "<group>"; };
		61E1DD411973CE020037DFD2 /* avatar.jpg */ = {isa = PBXFileReference; lastKnownFileType = image.jpeg; path = avatar.jpg; sourceTree = "<group>"; };
		61E1DD431974240D0037DFD2 /* FSoft720R.mov */ = {isa = PBXFileReference; lastKnownFileType = video.quicktime; path = FSoft720R.mov; sourceTree = "<group>"; };
		61E1DD45197425C90037DFD2 /* FSU1720R.mov */ = {isa = PBXFileReference; lastKnownFileType = video.quicktime; path = FSU1720R.mov; sourceTree = "<group>"; };
		61E1DD471975064A0037DFD2 /* FTourLogo5.png */ = {isa = PBXFileReference; lastKnownFileType = image.png; path = FTourLogo5.png; sourceTree = "<group>"; };
		61E1DD481975064A0037DFD2 /* FTourLogo4.png */ = {isa = PBXFileReference; lastKnownFileType = image.png; path = FTourLogo4.png; sourceTree = "<group>"; };
		61E1DD491975064A0037DFD2 /* FTourLogo3.png */ = {isa = PBXFileReference; lastKnownFileType = image.png; path = FTourLogo3.png; sourceTree = "<group>"; };
		61E1DD4A1975064A0037DFD2 /* FTourLogo2.png */ = {isa = PBXFileReference; lastKnownFileType = image.png; path = FTourLogo2.png; sourceTree = "<group>"; };
		61E1DD4B1975064A0037DFD2 /* FTourLogo1.png */ = {isa = PBXFileReference; lastKnownFileType = image.png; path = FTourLogo1.png; sourceTree = "<group>"; };
		84A62AA8196A96F500D73A95 /* FTour.app */ = {isa = PBXFileReference; explicitFileType = wrapper.application; includeInIndex = 0; path = FTour.app; sourceTree = BUILT_PRODUCTS_DIR; };
		84A62AAB196A96F500D73A95 /* Foundation.framework */ = {isa = PBXFileReference; lastKnownFileType = wrapper.framework; name = Foundation.framework; path = System/Library/Frameworks/Foundation.framework; sourceTree = SDKROOT; };
		84A62AAD196A96F500D73A95 /* CoreGraphics.framework */ = {isa = PBXFileReference; lastKnownFileType = wrapper.framework; name = CoreGraphics.framework; path = System/Library/Frameworks/CoreGraphics.framework; sourceTree = SDKROOT; };
		84A62AAF196A96F500D73A95 /* UIKit.framework */ = {isa = PBXFileReference; lastKnownFileType = wrapper.framework; name = UIKit.framework; path = System/Library/Frameworks/UIKit.framework; sourceTree = SDKROOT; };
		84A62AB3196A96F500D73A95 /* FTour-Info.plist */ = {isa = PBXFileReference; lastKnownFileType = text.plist.xml; path = "FTour-Info.plist"; sourceTree = "<group>"; };
		84A62AB5196A96F500D73A95 /* en */ = {isa = PBXFileReference; lastKnownFileType = text.plist.strings; name = en; path = en.lproj/InfoPlist.strings; sourceTree = "<group>"; };
		84A62AB7196A96F500D73A95 /* main.m */ = {isa = PBXFileReference; lastKnownFileType = sourcecode.c.objc; path = main.m; sourceTree = "<group>"; };
		84A62AB9196A96F500D73A95 /* FTour-Prefix.pch */ = {isa = PBXFileReference; lastKnownFileType = sourcecode.c.h; path = "FTour-Prefix.pch"; sourceTree = "<group>"; };
		84A62ABA196A96F500D73A95 /* AppDelegate.h */ = {isa = PBXFileReference; lastKnownFileType = sourcecode.c.h; path = AppDelegate.h; sourceTree = "<group>"; };
		84A62ABB196A96F500D73A95 /* AppDelegate.m */ = {isa = PBXFileReference; lastKnownFileType = sourcecode.c.objc; path = AppDelegate.m; sourceTree = "<group>"; };
		84A62AC0196A96F500D73A95 /* ViewController.h */ = {isa = PBXFileReference; lastKnownFileType = sourcecode.c.h; path = ViewController.h; sourceTree = "<group>"; };
		84A62AC1196A96F500D73A95 /* ViewController.m */ = {isa = PBXFileReference; lastKnownFileType = sourcecode.c.objc; path = ViewController.m; sourceTree = "<group>"; };
		84A62AC3196A96F500D73A95 /* Images.xcassets */ = {isa = PBXFileReference; lastKnownFileType = folder.assetcatalog; path = Images.xcassets; sourceTree = "<group>"; };
		84A62AC9196A96F500D73A95 /* FTourTests.xctest */ = {isa = PBXFileReference; explicitFileType = wrapper.cfbundle; includeInIndex = 0; path = FTourTests.xctest; sourceTree = BUILT_PRODUCTS_DIR; };
		84A62ACA196A96F500D73A95 /* XCTest.framework */ = {isa = PBXFileReference; lastKnownFileType = wrapper.framework; name = XCTest.framework; path = Library/Frameworks/XCTest.framework; sourceTree = DEVELOPER_DIR; };
		84A62AD2196A96F500D73A95 /* FTourTests-Info.plist */ = {isa = PBXFileReference; lastKnownFileType = text.plist.xml; path = "FTourTests-Info.plist"; sourceTree = "<group>"; };
		84A62AD4196A96F500D73A95 /* en */ = {isa = PBXFileReference; lastKnownFileType = text.plist.strings; name = en; path = en.lproj/InfoPlist.strings; sourceTree = "<group>"; };
		84A62AD6196A96F500D73A95 /* FTourTests.m */ = {isa = PBXFileReference; lastKnownFileType = sourcecode.c.objc; path = FTourTests.m; sourceTree = "<group>"; };
		84A62AE0196A985000D73A95 /* ViewController.xib */ = {isa = PBXFileReference; fileEncoding = 4; lastKnownFileType = file.xib; path = ViewController.xib; sourceTree = "<group>"; };
/* End PBXFileReference section */

/* Begin PBXFrameworksBuildPhase section */
		84A62AA5196A96F500D73A95 /* Frameworks */ = {
			isa = PBXFrameworksBuildPhase;
			buildActionMask = 2147483647;
			files = (
				18C54B66196E38A40056865D /* MessageUI.framework in Frameworks */,
				18C54B64196E26B00056865D /* MediaPlayer.framework in Frameworks */,
				18129C51196B8FD50004AE71 /* CoreBluetooth.framework in Frameworks */,
				18F2BFC3196B8978003A87EA /* CoreLocation.framework in Frameworks */,
				84A62AAE196A96F500D73A95 /* CoreGraphics.framework in Frameworks */,
				84A62AB0196A96F500D73A95 /* UIKit.framework in Frameworks */,
				84A62AAC196A96F500D73A95 /* Foundation.framework in Frameworks */,
			);
			runOnlyForDeploymentPostprocessing = 0;
		};
		84A62AC6196A96F500D73A95 /* Frameworks */ = {
			isa = PBXFrameworksBuildPhase;
			buildActionMask = 2147483647;
			files = (
				84A62ACB196A96F500D73A95 /* XCTest.framework in Frameworks */,
				84A62ACD196A96F500D73A95 /* UIKit.framework in Frameworks */,
				84A62ACC196A96F500D73A95 /* Foundation.framework in Frameworks */,
			);
			runOnlyForDeploymentPostprocessing = 0;
		};
/* End PBXFrameworksBuildPhase section */

/* Begin PBXGroup section */
		18A92B77196B80AB00F78849 /* Resources */ = {
			isa = PBXGroup;
			children = (
				189B1AA319750EAF00F2E708 /* background.jpg */,
				189B1AA019750D0100F2E708 /* omnom_02.png */,
				18A92B7A196B816400F78849 /* button-2.png */,
				18A92B78196B80EE00F78849 /* button.png */,
			);
			name = Resources;
			sourceTree = "<group>";
		};
		84A62A9F196A96F400D73A95 = {
			isa = PBXGroup;
			children = (
				613D1FE6196BD8B0002E69CF /* LogoFSO(2).png */,
				84A62AB1196A96F500D73A95 /* FTour */,
				84A62AD0196A96F500D73A95 /* FTourTests */,
				84A62AAA196A96F500D73A95 /* Frameworks */,
				84A62AA9196A96F500D73A95 /* Products */,
			);
			sourceTree = "<group>";
		};
		84A62AA9196A96F500D73A95 /* Products */ = {
			isa = PBXGroup;
			children = (
				84A62AA8196A96F500D73A95 /* FTour.app */,
				84A62AC9196A96F500D73A95 /* FTourTests.xctest */,
			);
			name = Products;
			sourceTree = "<group>";
		};
		84A62AAA196A96F500D73A95 /* Frameworks */ = {
			isa = PBXGroup;
			children = (
				18C54B65196E38A40056865D /* MessageUI.framework */,
				18C54B63196E26B00056865D /* MediaPlayer.framework */,
				18129C50196B8FD50004AE71 /* CoreBluetooth.framework */,
				18F2BFC2196B8978003A87EA /* CoreLocation.framework */,
				84A62AAB196A96F500D73A95 /* Foundation.framework */,
				84A62AAD196A96F500D73A95 /* CoreGraphics.framework */,
				84A62AAF196A96F500D73A95 /* UIKit.framework */,
				84A62ACA196A96F500D73A95 /* XCTest.framework */,
			);
			name = Frameworks;
			sourceTree = "<group>";
		};
		84A62AB1196A96F500D73A95 /* FTour */ = {
			isa = PBXGroup;
			children = (
				18A92B77196B80AB00F78849 /* Resources */,
				84A62ABA196A96F500D73A95 /* AppDelegate.h */,
				84A62ABB196A96F500D73A95 /* AppDelegate.m */,
				84A62AC0196A96F500D73A95 /* ViewController.h */,
				84A62AC1196A96F500D73A95 /* ViewController.m */,
				84A62AC3196A96F500D73A95 /* Images.xcassets */,
				84A62AB2196A96F500D73A95 /* Supporting Files */,
				84A62AE0196A985000D73A95 /* ViewController.xib */,
				18A92B7D196B81B800F78849 /* iBeaconViewController.h */,
				18A92B7E196B81B800F78849 /* iBeaconViewController.m */,
				18A92B7F196B81B800F78849 /* iBeaconViewController.xib */,
				18A92B84196B820E00F78849 /* WelcomeViewController.h */,
				18A92B85196B820E00F78849 /* WelcomeViewController.m */,
				18A92B86196B820E00F78849 /* WelcomeViewController.xib */,
				18A92B8B196B822A00F78849 /* FSoftViewController.h */,
				18A92B8C196B822A00F78849 /* FSoftViewController.m */,
				18A92B8D196B822A00F78849 /* FSoftViewController.xib */,
				18A92B92196B824B00F78849 /* FSU1ViewController.h */,
				18A92B93196B824B00F78849 /* FSU1ViewController.m */,
				61E1DD3C1973CCEE0037DFD2 /* FSU1DetailViewController.h */,
				61E1DD3D1973CCEF0037DFD2 /* FSU1DetailViewController.m */,
				61E1DD3E1973CCEF0037DFD2 /* FSU1DetailViewController.xib */,
				18A92B94196B824B00F78849 /* FSU1ViewController.xib */,
				18A92B99196B825A00F78849 /* CafeViewController.h */,
				18A92B9A196B825A00F78849 /* CafeViewController.m */,
				18A92B9B196B825A00F78849 /* CafeViewController.xib */,
				18DAF88A196CF08B0010CCFB /* MenuTableViewController.h */,
				18DAF88B196CF08B0010CCFB /* MenuTableViewController.m */,
				18DAF88C196CF08B0010CCFB /* MenuTableViewController.xib */,
			);
			path = FTour;
			sourceTree = "<group>";
		};
		84A62AB2196A96F500D73A95 /* Supporting Files */ = {
			isa = PBXGroup;
			children = (
				61E1DD471975064A0037DFD2 /* FTourLogo5.png */,
				61E1DD481975064A0037DFD2 /* FTourLogo4.png */,
				61E1DD491975064A0037DFD2 /* FTourLogo3.png */,
				61E1DD4A1975064A0037DFD2 /* FTourLogo2.png */,
				61E1DD4B1975064A0037DFD2 /* FTourLogo1.png */,
				61E1DD45197425C90037DFD2 /* FSU1720R.mov */,
				61E1DD431974240D0037DFD2 /* FSoft720R.mov */,
				61E1DD411973CE020037DFD2 /* avatar.jpg */,
				18C54B61196E25060056865D /* FTourLogo.png */,
				613D1FE9196BEB79002E69CF /* MCafe.json */,
				84A62AB3196A96F500D73A95 /* FTour-Info.plist */,
				84A62AB4196A96F500D73A95 /* InfoPlist.strings */,
				84A62AB7196A96F500D73A95 /* main.m */,
				84A62AB9196A96F500D73A95 /* FTour-Prefix.pch */,
			);
			name = "Supporting Files";
			sourceTree = "<group>";
		};
		84A62AD0196A96F500D73A95 /* FTourTests */ = {
			isa = PBXGroup;
			children = (
				84A62AD6196A96F500D73A95 /* FTourTests.m */,
				84A62AD1196A96F500D73A95 /* Supporting Files */,
			);
			path = FTourTests;
			sourceTree = "<group>";
		};
		84A62AD1196A96F500D73A95 /* Supporting Files */ = {
			isa = PBXGroup;
			children = (
				84A62AD2196A96F500D73A95 /* FTourTests-Info.plist */,
				84A62AD3196A96F500D73A95 /* InfoPlist.strings */,
			);
			name = "Supporting Files";
			sourceTree = "<group>";
		};
/* End PBXGroup section */

/* Begin PBXNativeTarget section */
		84A62AA7196A96F500D73A95 /* FTour */ = {
			isa = PBXNativeTarget;
			buildConfigurationList = 84A62ADA196A96F500D73A95 /* Build configuration list for PBXNativeTarget "FTour" */;
			buildPhases = (
				84A62AA4196A96F500D73A95 /* Sources */,
				84A62AA5196A96F500D73A95 /* Frameworks */,
				84A62AA6196A96F500D73A95 /* Resources */,
			);
			buildRules = (
			);
			dependencies = (
			);
			name = FTour;
			productName = FTour;
			productReference = 84A62AA8196A96F500D73A95 /* FTour.app */;
			productType = "com.apple.product-type.application";
		};
		84A62AC8196A96F500D73A95 /* FTourTests */ = {
			isa = PBXNativeTarget;
			buildConfigurationList = 84A62ADD196A96F500D73A95 /* Build configuration list for PBXNativeTarget "FTourTests" */;
			buildPhases = (
				84A62AC5196A96F500D73A95 /* Sources */,
				84A62AC6196A96F500D73A95 /* Frameworks */,
				84A62AC7196A96F500D73A95 /* Resources */,
			);
			buildRules = (
			);
			dependencies = (
				84A62ACF196A96F500D73A95 /* PBXTargetDependency */,
			);
			name = FTourTests;
			productName = FTourTests;
			productReference = 84A62AC9196A96F500D73A95 /* FTourTests.xctest */;
			productType = "com.apple.product-type.bundle.unit-test";
		};
/* End PBXNativeTarget section */

/* Begin PBXProject section */
		84A62AA0196A96F400D73A95 /* Project object */ = {
			isa = PBXProject;
			attributes = {
				LastUpgradeCheck = 0510;
				ORGANIZATIONNAME = FSoft;
				TargetAttributes = {
					84A62AC8196A96F500D73A95 = {
						TestTargetID = 84A62AA7196A96F500D73A95;
					};
				};
			};
			buildConfigurationList = 84A62AA3196A96F400D73A95 /* Build configuration list for PBXProject "FTour" */;
			compatibilityVersion = "Xcode 3.2";
			developmentRegion = English;
			hasScannedForEncodings = 0;
			knownRegions = (
				en,
				Base,
			);
			mainGroup = 84A62A9F196A96F400D73A95;
			productRefGroup = 84A62AA9196A96F500D73A95 /* Products */;
			projectDirPath = "";
			projectRoot = "";
			targets = (
				84A62AA7196A96F500D73A95 /* FTour */,
				84A62AC8196A96F500D73A95 /* FTourTests */,
			);
		};
/* End PBXProject section */

/* Begin PBXResourcesBuildPhase section */
		84A62AA6196A96F500D73A95 /* Resources */ = {
			isa = PBXResourcesBuildPhase;
			buildActionMask = 2147483647;
			files = (
				18A92B7B196B816400F78849 /* button-2.png in Resources */,
				189B1AA419750EAF00F2E708 /* background.jpg in Resources */,
				18C54B62196E25060056865D /* FTourLogo.png in Resources */,
				61E1DD4D1975064A0037DFD2 /* FTourLogo4.png in Resources */,
				61E1DD441974240D0037DFD2 /* FSoft720R.mov in Resources */,
				18A92B90196B822A00F78849 /* FSoftViewController.xib in Resources */,
				61E1DD4F1975064A0037DFD2 /* FTourLogo2.png in Resources */,
				61E1DD46197425C90037DFD2 /* FSU1720R.mov in Resources */,
				189B1AA119750D0200F2E708 /* omnom_02.png in Resources */,
				613D1FE7196BD8B0002E69CF /* LogoFSO(2).png in Resources */,
				18A92B89196B820E00F78849 /* WelcomeViewController.xib in Resources */,
				84A62AC4196A96F500D73A95 /* Images.xcassets in Resources */,
				18A92B79196B80EE00F78849 /* button.png in Resources */,
				84A62AE1196A985000D73A95 /* ViewController.xib in Resources */,
				61E1DD501975064A0037DFD2 /* FTourLogo1.png in Resources */,
				61E1DD421973CE020037DFD2 /* avatar.jpg in Resources */,
				61E1DD401973CCEF0037DFD2 /* FSU1DetailViewController.xib in Resources */,
				18DAF88F196CF08B0010CCFB /* MenuTableViewController.xib in Resources */,
				18A92B97196B824B00F78849 /* FSU1ViewController.xib in Resources */,
				613D1FEB196BEB79002E69CF /* MCafe.json in Resources */,
				61E1DD4C1975064A0037DFD2 /* FTourLogo5.png in Resources */,
				18A92B9E196B825A00F78849 /* CafeViewController.xib in Resources */,
				18A92B82196B81B800F78849 /* iBeaconViewController.xib in Resources */,
				84A62AB6196A96F500D73A95 /* InfoPlist.strings in Resources */,
			);
			runOnlyForDeploymentPostprocessing = 0;
		};
		84A62AC7196A96F500D73A95 /* Resources */ = {
			isa = PBXResourcesBuildPhase;
			buildActionMask = 2147483647;
			files = (
				18DAF890196CF08B0010CCFB /* MenuTableViewController.xib in Resources */,
				189B1AA519750EAF00F2E708 /* background.jpg in Resources */,
				18A92B91196B822A00F78849 /* FSoftViewController.xib in Resources */,
				18A92B7C196B816400F78849 /* button-2.png in Resources */,
				18A92B8A196B820E00F78849 /* WelcomeViewController.xib in Resources */,
				18A92B9F196B825A00F78849 /* CafeViewController.xib in Resources */,
				189B1AA219750D0200F2E708 /* omnom_02.png in Resources */,
				18A92B98196B824B00F78849 /* FSU1ViewController.xib in Resources */,
				18A92B83196B81B800F78849 /* iBeaconViewController.xib in Resources */,
				84A62AD5196A96F500D73A95 /* InfoPlist.strings in Resources */,
			);
			runOnlyForDeploymentPostprocessing = 0;
		};
/* End PBXResourcesBuildPhase section */

/* Begin PBXSourcesBuildPhase section */
		84A62AA4196A96F500D73A95 /* Sources */ = {
			isa = PBXSourcesBuildPhase;
			buildActionMask = 2147483647;
			files = (
				18A92B87196B820E00F78849 /* WelcomeViewController.m in Sources */,
				18A92B8E196B822A00F78849 /* FSoftViewController.m in Sources */,
				18A92B95196B824B00F78849 /* FSU1ViewController.m in Sources */,
				84A62AC2196A96F500D73A95 /* ViewController.m in Sources */,
				84A62ABC196A96F500D73A95 /* AppDelegate.m in Sources */,
				18A92B9C196B825A00F78849 /* CafeViewController.m in Sources */,
				18A92B80196B81B800F78849 /* iBeaconViewController.m in Sources */,
				18DAF88D196CF08B0010CCFB /* MenuTableViewController.m in Sources */,
				61E1DD3F1973CCEF0037DFD2 /* FSU1DetailViewController.m in Sources */,
				84A62AB8196A96F500D73A95 /* main.m in Sources */,
			);
			runOnlyForDeploymentPostprocessing = 0;
		};
		84A62AC5196A96F500D73A95 /* Sources */ = {
			isa = PBXSourcesBuildPhase;
			buildActionMask = 2147483647;
			files = (
				18A92B96196B824B00F78849 /* FSU1ViewController.m in Sources */,
				18A92B9D196B825A00F78849 /* CafeViewController.m in Sources */,
				18A92B81196B81B800F78849 /* iBeaconViewController.m in Sources */,
				18A92B8F196B822A00F78849 /* FSoftViewController.m in Sources */,
				84A62AD7196A96F500D73A95 /* FTourTests.m in Sources */,
				18DAF88E196CF08B0010CCFB /* MenuTableViewController.m in Sources */,
				18A92B88196B820E00F78849 /* WelcomeViewController.m in Sources */,
			);
			runOnlyForDeploymentPostprocessing = 0;
		};
/* End PBXSourcesBuildPhase section */

/* Begin PBXTargetDependency section */
		84A62ACF196A96F500D73A95 /* PBXTargetDependency */ = {
			isa = PBXTargetDependency;
			target = 84A62AA7196A96F500D73A95 /* FTour */;
			targetProxy = 84A62ACE196A96F500D73A95 /* PBXContainerItemProxy */;
		};
/* End PBXTargetDependency section */

/* Begin PBXVariantGroup section */
		84A62AB4196A96F500D73A95 /* InfoPlist.strings */ = {
			isa = PBXVariantGroup;
			children = (
				84A62AB5196A96F500D73A95 /* en */,
			);
			name = InfoPlist.strings;
			sourceTree = "<group>";
		};
		84A62AD3196A96F500D73A95 /* InfoPlist.strings */ = {
			isa = PBXVariantGroup;
			children = (
				84A62AD4196A96F500D73A95 /* en */,
			);
			name = InfoPlist.strings;
			sourceTree = "<group>";
		};
/* End PBXVariantGroup section */

/* Begin XCBuildConfiguration section */
		84A62AD8196A96F500D73A95 /* Debug */ = {
			isa = XCBuildConfiguration;
			buildSettings = {
				ALWAYS_SEARCH_USER_PATHS = NO;
				CLANG_CXX_LANGUAGE_STANDARD = "gnu++0x";
				CLANG_CXX_LIBRARY = "libc++";
				CLANG_ENABLE_MODULES = YES;
				CLANG_ENABLE_OBJC_ARC = YES;
				CLANG_WARN_BOOL_CONVERSION = YES;
				CLANG_WARN_CONSTANT_CONVERSION = YES;
				CLANG_WARN_DIRECT_OBJC_ISA_USAGE = YES_ERROR;
				CLANG_WARN_EMPTY_BODY = YES;
				CLANG_WARN_ENUM_CONVERSION = YES;
				CLANG_WARN_INT_CONVERSION = YES;
				CLANG_WARN_OBJC_ROOT_CLASS = YES_ERROR;
				CLANG_WARN__DUPLICATE_METHOD_MATCH = YES;
				"CODE_SIGN_IDENTITY[sdk=iphoneos*]" = "iPhone Developer";
				COPY_PHASE_STRIP = NO;
				GCC_C_LANGUAGE_STANDARD = gnu99;
				GCC_DYNAMIC_NO_PIC = NO;
				GCC_OPTIMIZATION_LEVEL = 0;
				GCC_PREPROCESSOR_DEFINITIONS = (
					"DEBUG=1",
					"$(inherited)",
				);
				GCC_SYMBOLS_PRIVATE_EXTERN = NO;
				GCC_WARN_64_TO_32_BIT_CONVERSION = YES;
				GCC_WARN_ABOUT_RETURN_TYPE = YES_ERROR;
				GCC_WARN_UNDECLARED_SELECTOR = YES;
				GCC_WARN_UNINITIALIZED_AUTOS = YES_AGGRESSIVE;
				GCC_WARN_UNUSED_FUNCTION = YES;
				GCC_WARN_UNUSED_VARIABLE = YES;
				IPHONEOS_DEPLOYMENT_TARGET = 7.0;
				ONLY_ACTIVE_ARCH = YES;
				SDKROOT = iphoneos;
			};
			name = Debug;
		};
		84A62AD9196A96F500D73A95 /* Release */ = {
			isa = XCBuildConfiguration;
			buildSettings = {
				ALWAYS_SEARCH_USER_PATHS = NO;
				CLANG_CXX_LANGUAGE_STANDARD = "gnu++0x";
				CLANG_CXX_LIBRARY = "libc++";
				CLANG_ENABLE_MODULES = YES;
				CLANG_ENABLE_OBJC_ARC = YES;
				CLANG_WARN_BOOL_CONVERSION = YES;
				CLANG_WARN_CONSTANT_CONVERSION = YES;
				CLANG_WARN_DIRECT_OBJC_ISA_USAGE = YES_ERROR;
				CLANG_WARN_EMPTY_BODY = YES;
				CLANG_WARN_ENUM_CONVERSION = YES;
				CLANG_WARN_INT_CONVERSION = YES;
				CLANG_WARN_OBJC_ROOT_CLASS = YES_ERROR;
				CLANG_WARN__DUPLICATE_METHOD_MATCH = YES;
				"CODE_SIGN_IDENTITY[sdk=iphoneos*]" = "iPhone Developer";
				COPY_PHASE_STRIP = YES;
				ENABLE_NS_ASSERTIONS = NO;
				GCC_C_LANGUAGE_STANDARD = gnu99;
				GCC_WARN_64_TO_32_BIT_CONVERSION = YES;
				GCC_WARN_ABOUT_RETURN_TYPE = YES_ERROR;
				GCC_WARN_UNDECLARED_SELECTOR = YES;
				GCC_WARN_UNINITIALIZED_AUTOS = YES_AGGRESSIVE;
				GCC_WARN_UNUSED_FUNCTION = YES;
				GCC_WARN_UNUSED_VARIABLE = YES;
				IPHONEOS_DEPLOYMENT_TARGET = 7.0;
				SDKROOT = iphoneos;
				VALIDATE_PRODUCT = YES;
			};
			name = Release;
		};
		84A62ADB196A96F500D73A95 /* Debug */ = {
			isa = XCBuildConfiguration;
			buildSettings = {
				ASSETCATALOG_COMPILER_APPICON_NAME = AppIcon;
				ASSETCATALOG_COMPILER_LAUNCHIMAGE_NAME = LaunchImage;
				CODE_SIGN_IDENTITY = "iPhone Developer: Long Nguyen (M6FKXHWXBY)";
				"CODE_SIGN_IDENTITY[sdk=iphoneos*]" = "iPhone Developer: Long Nguyen (M6FKXHWXBY)";
				GCC_PRECOMPILE_PREFIX_HEADER = YES;
				GCC_PREFIX_HEADER = "FTour/FTour-Prefix.pch";
				INFOPLIST_FILE = "FTour/FTour-Info.plist";
				PRODUCT_NAME = "$(TARGET_NAME)";
				PROVISIONING_PROFILE = "7052599A-A55E-4571-9B1A-B39ECF4C8C22";
				WRAPPER_EXTENSION = app;
			};
			name = Debug;
		};
		84A62ADC196A96F500D73A95 /* Release */ = {
			isa = XCBuildConfiguration;
			buildSettings = {
				ASSETCATALOG_COMPILER_APPICON_NAME = AppIcon;
				ASSETCATALOG_COMPILER_LAUNCHIMAGE_NAME = LaunchImage;
				CODE_SIGN_IDENTITY = "iPhone Developer: Long Nguyen (M6FKXHWXBY)";
				"CODE_SIGN_IDENTITY[sdk=iphoneos*]" = "iPhone Developer: Long Nguyen (M6FKXHWXBY)";
				GCC_PRECOMPILE_PREFIX_HEADER = YES;
				GCC_PREFIX_HEADER = "FTour/FTour-Prefix.pch";
				INFOPLIST_FILE = "FTour/FTour-Info.plist";
				PRODUCT_NAME = "$(TARGET_NAME)";
				PROVISIONING_PROFILE = "7052599A-A55E-4571-9B1A-B39ECF4C8C22";
				WRAPPER_EXTENSION = app;
			};
			name = Release;
		};
		84A62ADE196A96F500D73A95 /* Debug */ = {
			isa = XCBuildConfiguration;
			buildSettings = {
				BUNDLE_LOADER = "$(BUILT_PRODUCTS_DIR)/FTour.app/FTour";
				FRAMEWORK_SEARCH_PATHS = (
					"$(SDKROOT)/Developer/Library/Frameworks",
					"$(inherited)",
					"$(DEVELOPER_FRAMEWORKS_DIR)",
				);
				GCC_PRECOMPILE_PREFIX_HEADER = YES;
				GCC_PREFIX_HEADER = "FTour/FTour-Prefix.pch";
				GCC_PREPROCESSOR_DEFINITIONS = (
					"DEBUG=1",
					"$(inherited)",
				);
				INFOPLIST_FILE = "FTourTests/FTourTests-Info.plist";
				PRODUCT_NAME = "$(TARGET_NAME)";
				TEST_HOST = "$(BUNDLE_LOADER)";
				WRAPPER_EXTENSION = xctest;
			};
			name = Debug;
		};
		84A62ADF196A96F500D73A95 /* Release */ = {
			isa = XCBuildConfiguration;
			buildSettings = {
				BUNDLE_LOADER = "$(BUILT_PRODUCTS_DIR)/FTour.app/FTour";
				FRAMEWORK_SEARCH_PATHS = (
					"$(SDKROOT)/Developer/Library/Frameworks",
					"$(inherited)",
					"$(DEVELOPER_FRAMEWORKS_DIR)",
				);
				GCC_PRECOMPILE_PREFIX_HEADER = YES;
				GCC_PREFIX_HEADER = "FTour/FTour-Prefix.pch";
				INFOPLIST_FILE = "FTourTests/FTourTests-Info.plist";
				PRODUCT_NAME = "$(TARGET_NAME)";
				TEST_HOST = "$(BUNDLE_LOADER)";
				WRAPPER_EXTENSION = xctest;
			};
			name = Release;
		};
/* End XCBuildConfiguration section */

/* Begin XCConfigurationList section */
		84A62AA3196A96F400D73A95 /* Build configuration list for PBXProject "FTour" */ = {
			isa = XCConfigurationList;
			buildConfigurations = (
				84A62AD8196A96F500D73A95 /* Debug */,
				84A62AD9196A96F500D73A95 /* Release */,
			);
			defaultConfigurationIsVisible = 0;
			defaultConfigurationName = Release;
		};
		84A62ADA196A96F500D73A95 /* Build configuration list for PBXNativeTarget "FTour" */ = {
			isa = XCConfigurationList;
			buildConfigurations = (
				84A62ADB196A96F500D73A95 /* Debug */,
				84A62ADC196A96F500D73A95 /* Release */,
			);
			defaultConfigurationIsVisible = 0;
			defaultConfigurationName = Release;
		};
		84A62ADD196A96F500D73A95 /* Build configuration list for PBXNativeTarget "FTourTests" */ = {
			isa = XCConfigurationList;
			buildConfigurations = (
				84A62ADE196A96F500D73A95 /* Debug */,
				84A62ADF196A96F500D73A95 /* Release */,
			);
			defaultConfigurationIsVisible = 0;
			defaultConfigurationName = Release;
		};
/* End XCConfigurationList section */
	};
	rootObject = 84A62AA0196A96F400D73A95 /* Project object */;
}
