// !$*UTF8*$!
{
	archiveVersion = 1;
	classes = {
	};
	objectVersion = 46;
	objects = {

/* Begin PBXBuildFile section */
		18129C51196B8FD50004AE71 /* CoreBluetooth.framework in Frameworks */ = {isa = PBXBuildFile; fileRef = 18129C50196B8FD50004AE71 /* CoreBluetooth.framework */; };
		187507FE1990BE4D00152DE9 /* ibeaconButton.png in Resources */ = {isa = PBXBuildFile; fileRef = 187507FD1990BE4D00152DE9 /* ibeaconButton.png */; };
		18832D381990C15100A175DB /* stopButton.png in Resources */ = {isa = PBXBuildFile; fileRef = 18832D371990C15100A175DB /* stopButton.png */; };
		188E1917198F6AA50031C770 /* DataStore.m in Sources */ = {isa = PBXBuildFile; fileRef = 188E1916198F6AA50031C770 /* DataStore.m */; };
		18C54B64196E26B00056865D /* MediaPlayer.framework in Frameworks */ = {isa = PBXBuildFile; fileRef = 18C54B63196E26B00056865D /* MediaPlayer.framework */; };
		18C54B66196E38A40056865D /* MessageUI.framework in Frameworks */ = {isa = PBXBuildFile; fileRef = 18C54B65196E38A40056865D /* MessageUI.framework */; };
		18F2BFC3196B8978003A87EA /* CoreLocation.framework in Frameworks */ = {isa = PBXBuildFile; fileRef = 18F2BFC2196B8978003A87EA /* CoreLocation.framework */; };
		619996021991D1E400848F94 /* 1407308422_user.png in Resources */ = {isa = PBXBuildFile; fileRef = 619995FF1991D1E400848F94 /* 1407308422_user.png */; };
		619996031991D1E400848F94 /* 1407307486_telephone.png in Resources */ = {isa = PBXBuildFile; fileRef = 619996001991D1E400848F94 /* 1407307486_telephone.png */; };
		619996041991D1E400848F94 /* 1407307477_email.png in Resources */ = {isa = PBXBuildFile; fileRef = 619996011991D1E400848F94 /* 1407307477_email.png */; };
		61BB9536198F646800B99261 /* PersistencyManager.m in Sources */ = {isa = PBXBuildFile; fileRef = 61BB9535198F646800B99261 /* PersistencyManager.m */; };
		84A62AAC196A96F500D73A95 /* Foundation.framework in Frameworks */ = {isa = PBXBuildFile; fileRef = 84A62AAB196A96F500D73A95 /* Foundation.framework */; };
		84A62AAE196A96F500D73A95 /* CoreGraphics.framework in Frameworks */ = {isa = PBXBuildFile; fileRef = 84A62AAD196A96F500D73A95 /* CoreGraphics.framework */; };
		84A62AB0196A96F500D73A95 /* UIKit.framework in Frameworks */ = {isa = PBXBuildFile; fileRef = 84A62AAF196A96F500D73A95 /* UIKit.framework */; };
		84A62AB6196A96F500D73A95 /* InfoPlist.strings in Resources */ = {isa = PBXBuildFile; fileRef = 84A62AB4196A96F500D73A95 /* InfoPlist.strings */; };
		84A62AB8196A96F500D73A95 /* main.m in Sources */ = {isa = PBXBuildFile; fileRef = 84A62AB7196A96F500D73A95 /* main.m */; };
		84A62AC4196A96F500D73A95 /* Images.xcassets in Resources */ = {isa = PBXBuildFile; fileRef = 84A62AC3196A96F500D73A95 /* Images.xcassets */; };
		84A62ACB196A96F500D73A95 /* XCTest.framework in Frameworks */ = {isa = PBXBuildFile; fileRef = 84A62ACA196A96F500D73A95 /* XCTest.framework */; };
		84A62ACC196A96F500D73A95 /* Foundation.framework in Frameworks */ = {isa = PBXBuildFile; fileRef = 84A62AAB196A96F500D73A95 /* Foundation.framework */; };
		84A62ACD196A96F500D73A95 /* UIKit.framework in Frameworks */ = {isa = PBXBuildFile; fileRef = 84A62AAF196A96F500D73A95 /* UIKit.framework */; };
		84A62AD5196A96F500D73A95 /* InfoPlist.strings in Resources */ = {isa = PBXBuildFile; fileRef = 84A62AD3196A96F500D73A95 /* InfoPlist.strings */; };
		84A62AD7196A96F500D73A95 /* FTourTests.m in Sources */ = {isa = PBXBuildFile; fileRef = 84A62AD6196A96F500D73A95 /* FTourTests.m */; };
		F108CDBE198F3C480020A273 /* AppDelegate.m in Sources */ = {isa = PBXBuildFile; fileRef = F108CD83198F3C480020A273 /* AppDelegate.m */; };
		F108CDBF198F3C480020A273 /* BaseViewController.m in Sources */ = {isa = PBXBuildFile; fileRef = F108CD86198F3C480020A273 /* BaseViewController.m */; };
		F108CDC0198F3C480020A273 /* CafeViewController.m in Sources */ = {isa = PBXBuildFile; fileRef = F108CD88198F3C480020A273 /* CafeViewController.m */; };
		F108CDC1198F3C480020A273 /* CafeViewController.xib in Resources */ = {isa = PBXBuildFile; fileRef = F108CD89198F3C480020A273 /* CafeViewController.xib */; };
		F108CDC2198F3C480020A273 /* FSoftViewController.m in Sources */ = {isa = PBXBuildFile; fileRef = F108CD8B198F3C480020A273 /* FSoftViewController.m */; };
		F108CDC3198F3C480020A273 /* FSoftViewController.xib in Resources */ = {isa = PBXBuildFile; fileRef = F108CD8C198F3C480020A273 /* FSoftViewController.xib */; };
		F108CDC4198F3C480020A273 /* FSU1DetailViewController.m in Sources */ = {isa = PBXBuildFile; fileRef = F108CD8E198F3C480020A273 /* FSU1DetailViewController.m */; };
		F108CDC5198F3C480020A273 /* FSU1DetailViewController.xib in Resources */ = {isa = PBXBuildFile; fileRef = F108CD8F198F3C480020A273 /* FSU1DetailViewController.xib */; };
		F108CDC6198F3C480020A273 /* FSU1ViewController.m in Sources */ = {isa = PBXBuildFile; fileRef = F108CD91198F3C480020A273 /* FSU1ViewController.m */; };
		F108CDC7198F3C480020A273 /* FSU1ViewController.xib in Resources */ = {isa = PBXBuildFile; fileRef = F108CD92198F3C480020A273 /* FSU1ViewController.xib */; };
		F108CDC8198F3C480020A273 /* iBeaconViewController.m in Sources */ = {isa = PBXBuildFile; fileRef = F108CD94198F3C480020A273 /* iBeaconViewController.m */; };
		F108CDC9198F3C480020A273 /* iBeaconViewController.xib in Resources */ = {isa = PBXBuildFile; fileRef = F108CD95198F3C480020A273 /* iBeaconViewController.xib */; };
		F108CDCA198F3C480020A273 /* MenuTableVC.m in Sources */ = {isa = PBXBuildFile; fileRef = F108CD97198F3C480020A273 /* MenuTableVC.m */; };
		F108CDCB198F3C480020A273 /* MenuTableVC.xib in Resources */ = {isa = PBXBuildFile; fileRef = F108CD98198F3C480020A273 /* MenuTableVC.xib */; };
		F108CDCC198F3C480020A273 /* ViewController.xib in Resources */ = {isa = PBXBuildFile; fileRef = F108CD99198F3C480020A273 /* ViewController.xib */; };
		F108CDCD198F3C480020A273 /* WelcomeViewController.m in Sources */ = {isa = PBXBuildFile; fileRef = F108CD9B198F3C480020A273 /* WelcomeViewController.m */; };
		F108CDCE198F3C480020A273 /* WelcomeViewController.xib in Resources */ = {isa = PBXBuildFile; fileRef = F108CD9C198F3C480020A273 /* WelcomeViewController.xib */; };
		F108CDCF198F3C480020A273 /* FSU1_Data.json in Resources */ = {isa = PBXBuildFile; fileRef = F108CDA0198F3C480020A273 /* FSU1_Data.json */; };
		F108CDD0198F3C480020A273 /* MCafe.json in Resources */ = {isa = PBXBuildFile; fileRef = F108CDA1198F3C480020A273 /* MCafe.json */; };
		F108CDD1198F3C480020A273 /* 2circle.png in Resources */ = {isa = PBXBuildFile; fileRef = F108CDA3198F3C480020A273 /* 2circle.png */; };
		F108CDD2198F3C480020A273 /* avatar.jpg in Resources */ = {isa = PBXBuildFile; fileRef = F108CDA4198F3C480020A273 /* avatar.jpg */; };
		F108CDD3198F3C480020A273 /* background.jpg in Resources */ = {isa = PBXBuildFile; fileRef = F108CDA5198F3C480020A273 /* background.jpg */; };
		F108CDD4198F3C480020A273 /* broadcast0.png in Resources */ = {isa = PBXBuildFile; fileRef = F108CDA6198F3C480020A273 /* broadcast0.png */; };
		F108CDD5198F3C480020A273 /* broadcast1.png in Resources */ = {isa = PBXBuildFile; fileRef = F108CDA7198F3C480020A273 /* broadcast1.png */; };
		F108CDD6198F3C480020A273 /* broadcast2.png in Resources */ = {isa = PBXBuildFile; fileRef = F108CDA8198F3C480020A273 /* broadcast2.png */; };
		F108CDD7198F3C480020A273 /* button-2.png in Resources */ = {isa = PBXBuildFile; fileRef = F108CDA9198F3C480020A273 /* button-2.png */; };
		F108CDD8198F3C480020A273 /* button.png in Resources */ = {isa = PBXBuildFile; fileRef = F108CDAA198F3C480020A273 /* button.png */; };
		F108CDD9198F3C480020A273 /* cafe_bg.png in Resources */ = {isa = PBXBuildFile; fileRef = F108CDAB198F3C480020A273 /* cafe_bg.png */; };
		F108CDDA198F3C480020A273 /* check.png in Resources */ = {isa = PBXBuildFile; fileRef = F108CDAC198F3C480020A273 /* check.png */; };
		F108CDDB198F3C480020A273 /* circle copy.png in Resources */ = {isa = PBXBuildFile; fileRef = F108CDAD198F3C480020A273 /* circle copy.png */; };
		F108CDDC198F3C480020A273 /* circle copy3.png in Resources */ = {isa = PBXBuildFile; fileRef = F108CDAE198F3C480020A273 /* circle copy3.png */; };
		F108CDDD198F3C480020A273 /* circle copy4.png in Resources */ = {isa = PBXBuildFile; fileRef = F108CDAF198F3C480020A273 /* circle copy4.png */; };
		F108CDDE198F3C480020A273 /* circle.png in Resources */ = {isa = PBXBuildFile; fileRef = F108CDB0198F3C480020A273 /* circle.png */; };
		F108CDDF198F3C480020A273 /* FTourLogo.png in Resources */ = {isa = PBXBuildFile; fileRef = F108CDB1198F3C480020A273 /* FTourLogo.png */; };
		F108CDE0198F3C480020A273 /* FTourlogoV2.png in Resources */ = {isa = PBXBuildFile; fileRef = F108CDB2198F3C480020A273 /* FTourlogoV2.png */; };
		F108CDE1198F3C480020A273 /* FTourlogov22.png in Resources */ = {isa = PBXBuildFile; fileRef = F108CDB3198F3C480020A273 /* FTourlogov22.png */; };
		F108CDE2198F3C480020A273 /* human.png in Resources */ = {isa = PBXBuildFile; fileRef = F108CDB4198F3C480020A273 /* human.png */; };
		F108CDE3198F3C480020A273 /* icon.png in Resources */ = {isa = PBXBuildFile; fileRef = F108CDB5198F3C480020A273 /* icon.png */; };
		F108CDE4198F3C480020A273 /* LogoFSO(2).png in Resources */ = {isa = PBXBuildFile; fileRef = F108CDB6198F3C480020A273 /* LogoFSO(2).png */; };
		F108CDE5198F3C480020A273 /* menu.png in Resources */ = {isa = PBXBuildFile; fileRef = F108CDB7198F3C480020A273 /* menu.png */; };
		F108CDE6198F3C480020A273 /* menu@2x.png in Resources */ = {isa = PBXBuildFile; fileRef = F108CDB8198F3C480020A273 /* menu@2x.png */; };
		F108CDE7198F3C480020A273 /* omnom_02.png in Resources */ = {isa = PBXBuildFile; fileRef = F108CDB9198F3C480020A273 /* omnom_02.png */; };
		F108CDE8198F3C480020A273 /* FSoft720R.mov in Resources */ = {isa = PBXBuildFile; fileRef = F108CDBB198F3C480020A273 /* FSoft720R.mov */; };
		F108CDE9198F3C480020A273 /* FSU1720R.mov in Resources */ = {isa = PBXBuildFile; fileRef = F108CDBC198F3C480020A273 /* FSU1720R.mov */; };
		F13BF8541992144D00616DEF /* Contact.m in Sources */ = {isa = PBXBuildFile; fileRef = F13BF8511992144D00616DEF /* Contact.m */; };
		F13BF8551992144D00616DEF /* Food.m in Sources */ = {isa = PBXBuildFile; fileRef = F13BF8531992144D00616DEF /* Food.m */; };
		F13BF8591992147700616DEF /* DataService.m in Sources */ = {isa = PBXBuildFile; fileRef = F13BF8581992147700616DEF /* DataService.m */; };
/* End PBXBuildFile section */

/* Begin PBXContainerItemProxy section */
		84A62ACE196A96F500D73A95 /* PBXContainerItemProxy */ = {
			isa = PBXContainerItemProxy;
			containerPortal = 84A62AA0196A96F400D73A95 /* Project object */;
			proxyType = 1;
			remoteGlobalIDString = 84A62AA7196A96F500D73A95;
			remoteInfo = FTour;
		};
/* End PBXContainerItemProxy section */

/* Begin PBXFileReference section */
		18129C50196B8FD50004AE71 /* CoreBluetooth.framework */ = {isa = PBXFileReference; lastKnownFileType = wrapper.framework; name = CoreBluetooth.framework; path = System/Library/Frameworks/CoreBluetooth.framework; sourceTree = SDKROOT; };
		187507FD1990BE4D00152DE9 /* ibeaconButton.png */ = {isa = PBXFileReference; lastKnownFileType = image.png; path = ibeaconButton.png; sourceTree = "<group>"; };
		18832D371990C15100A175DB /* stopButton.png */ = {isa = PBXFileReference; lastKnownFileType = image.png; path = stopButton.png; sourceTree = "<group>"; };
		188E1915198F6AA50031C770 /* DataStore.h */ = {isa = PBXFileReference; fileEncoding = 4; lastKnownFileType = sourcecode.c.h; name = DataStore.h; path = API/DataStore.h; sourceTree = "<group>"; };
		188E1916198F6AA50031C770 /* DataStore.m */ = {isa = PBXFileReference; fileEncoding = 4; lastKnownFileType = sourcecode.c.objc; name = DataStore.m; path = API/DataStore.m; sourceTree = "<group>"; };
		18C54B63196E26B00056865D /* MediaPlayer.framework */ = {isa = PBXFileReference; lastKnownFileType = wrapper.framework; name = MediaPlayer.framework; path = System/Library/Frameworks/MediaPlayer.framework; sourceTree = SDKROOT; };
		18C54B65196E38A40056865D /* MessageUI.framework */ = {isa = PBXFileReference; lastKnownFileType = wrapper.framework; name = MessageUI.framework; path = System/Library/Frameworks/MessageUI.framework; sourceTree = SDKROOT; };
		18F2BFC2196B8978003A87EA /* CoreLocation.framework */ = {isa = PBXFileReference; lastKnownFileType = wrapper.framework; name = CoreLocation.framework; path = System/Library/Frameworks/CoreLocation.framework; sourceTree = SDKROOT; };
		619995FF1991D1E400848F94 /* 1407308422_user.png */ = {isa = PBXFileReference; lastKnownFileType = image.png; path = 1407308422_user.png; sourceTree = "<group>"; };
		619996001991D1E400848F94 /* 1407307486_telephone.png */ = {isa = PBXFileReference; lastKnownFileType = image.png; path = 1407307486_telephone.png; sourceTree = "<group>"; };
		619996011991D1E400848F94 /* 1407307477_email.png */ = {isa = PBXFileReference; lastKnownFileType = image.png; path = 1407307477_email.png; sourceTree = "<group>"; };
		61BB9534198F646800B99261 /* PersistencyManager.h */ = {isa = PBXFileReference; fileEncoding = 4; lastKnownFileType = sourcecode.c.h; path = PersistencyManager.h; sourceTree = "<group>"; };
		61BB9535198F646800B99261 /* PersistencyManager.m */ = {isa = PBXFileReference; fileEncoding = 4; lastKnownFileType = sourcecode.c.objc; path = PersistencyManager.m; sourceTree = "<group>"; };
		84A62AA8196A96F500D73A95 /* FTour.app */ = {isa = PBXFileReference; explicitFileType = wrapper.application; includeInIndex = 0; path = FTour.app; sourceTree = BUILT_PRODUCTS_DIR; };
		84A62AAB196A96F500D73A95 /* Foundation.framework */ = {isa = PBXFileReference; lastKnownFileType = wrapper.framework; name = Foundation.framework; path = System/Library/Frameworks/Foundation.framework; sourceTree = SDKROOT; };
		84A62AAD196A96F500D73A95 /* CoreGraphics.framework */ = {isa = PBXFileReference; lastKnownFileType = wrapper.framework; name = CoreGraphics.framework; path = System/Library/Frameworks/CoreGraphics.framework; sourceTree = SDKROOT; };
		84A62AAF196A96F500D73A95 /* UIKit.framework */ = {isa = PBXFileReference; lastKnownFileType = wrapper.framework; name = UIKit.framework; path = System/Library/Frameworks/UIKit.framework; sourceTree = SDKROOT; };
		84A62AB3196A96F500D73A95 /* FTour-Info.plist */ = {isa = PBXFileReference; lastKnownFileType = text.plist.xml; path = "FTour-Info.plist"; sourceTree = "<group>"; };
		84A62AB5196A96F500D73A95 /* en */ = {isa = PBXFileReference; lastKnownFileType = text.plist.strings; name = en; path = en.lproj/InfoPlist.strings; sourceTree = "<group>"; };
		84A62AB7196A96F500D73A95 /* main.m */ = {isa = PBXFileReference; lastKnownFileType = sourcecode.c.objc; path = main.m; sourceTree = "<group>"; };
		84A62AB9196A96F500D73A95 /* FTour-Prefix.pch */ = {isa = PBXFileReference; lastKnownFileType = sourcecode.c.h; path = "FTour-Prefix.pch"; sourceTree = "<group>"; };
		84A62AC3196A96F500D73A95 /* Images.xcassets */ = {isa = PBXFileReference; lastKnownFileType = folder.assetcatalog; path = Images.xcassets; sourceTree = "<group>"; };
		84A62AC9196A96F500D73A95 /* FTourTests.xctest */ = {isa = PBXFileReference; explicitFileType = wrapper.cfbundle; includeInIndex = 0; path = FTourTests.xctest; sourceTree = BUILT_PRODUCTS_DIR; };
		84A62ACA196A96F500D73A95 /* XCTest.framework */ = {isa = PBXFileReference; lastKnownFileType = wrapper.framework; name = XCTest.framework; path = Library/Frameworks/XCTest.framework; sourceTree = DEVELOPER_DIR; };
		84A62AD2196A96F500D73A95 /* FTourTests-Info.plist */ = {isa = PBXFileReference; lastKnownFileType = text.plist.xml; path = "FTourTests-Info.plist"; sourceTree = "<group>"; };
		84A62AD4196A96F500D73A95 /* en */ = {isa = PBXFileReference; lastKnownFileType = text.plist.strings; name = en; path = en.lproj/InfoPlist.strings; sourceTree = "<group>"; };
		84A62AD6196A96F500D73A95 /* FTourTests.m */ = {isa = PBXFileReference; lastKnownFileType = sourcecode.c.objc; path = FTourTests.m; sourceTree = "<group>"; };
		F108CD82198F3C480020A273 /* AppDelegate.h */ = {isa = PBXFileReference; fileEncoding = 4; lastKnownFileType = sourcecode.c.h; path = AppDelegate.h; sourceTree = "<group>"; };
		F108CD83198F3C480020A273 /* AppDelegate.m */ = {isa = PBXFileReference; fileEncoding = 4; lastKnownFileType = sourcecode.c.objc; path = AppDelegate.m; sourceTree = "<group>"; };
		F108CD85198F3C480020A273 /* BaseViewController.h */ = {isa = PBXFileReference; fileEncoding = 4; lastKnownFileType = sourcecode.c.h; path = BaseViewController.h; sourceTree = "<group>"; };
		F108CD86198F3C480020A273 /* BaseViewController.m */ = {isa = PBXFileReference; fileEncoding = 4; lastKnownFileType = sourcecode.c.objc; path = BaseViewController.m; sourceTree = "<group>"; };
		F108CD87198F3C480020A273 /* CafeViewController.h */ = {isa = PBXFileReference; fileEncoding = 4; lastKnownFileType = sourcecode.c.h; path = CafeViewController.h; sourceTree = "<group>"; };
		F108CD88198F3C480020A273 /* CafeViewController.m */ = {isa = PBXFileReference; fileEncoding = 4; lastKnownFileType = sourcecode.c.objc; path = CafeViewController.m; sourceTree = "<group>"; };
		F108CD89198F3C480020A273 /* CafeViewController.xib */ = {isa = PBXFileReference; fileEncoding = 4; lastKnownFileType = file.xib; path = CafeViewController.xib; sourceTree = "<group>"; };
		F108CD8A198F3C480020A273 /* FSoftViewController.h */ = {isa = PBXFileReference; fileEncoding = 4; lastKnownFileType = sourcecode.c.h; path = FSoftViewController.h; sourceTree = "<group>"; };
		F108CD8B198F3C480020A273 /* FSoftViewController.m */ = {isa = PBXFileReference; fileEncoding = 4; lastKnownFileType = sourcecode.c.objc; path = FSoftViewController.m; sourceTree = "<group>"; };
		F108CD8C198F3C480020A273 /* FSoftViewController.xib */ = {isa = PBXFileReference; fileEncoding = 4; lastKnownFileType = file.xib; path = FSoftViewController.xib; sourceTree = "<group>"; };
		F108CD8D198F3C480020A273 /* FSU1DetailViewController.h */ = {isa = PBXFileReference; fileEncoding = 4; lastKnownFileType = sourcecode.c.h; path = FSU1DetailViewController.h; sourceTree = "<group>"; };
		F108CD8E198F3C480020A273 /* FSU1DetailViewController.m */ = {isa = PBXFileReference; fileEncoding = 4; lastKnownFileType = sourcecode.c.objc; path = FSU1DetailViewController.m; sourceTree = "<group>"; };
		F108CD8F198F3C480020A273 /* FSU1DetailViewController.xib */ = {isa = PBXFileReference; fileEncoding = 4; lastKnownFileType = file.xib; path = FSU1DetailViewController.xib; sourceTree = "<group>"; };
		F108CD90198F3C480020A273 /* FSU1ViewController.h */ = {isa = PBXFileReference; fileEncoding = 4; lastKnownFileType = sourcecode.c.h; path = FSU1ViewController.h; sourceTree = "<group>"; };
		F108CD91198F3C480020A273 /* FSU1ViewController.m */ = {isa = PBXFileReference; fileEncoding = 4; lastKnownFileType = sourcecode.c.objc; path = FSU1ViewController.m; sourceTree = "<group>"; };
		F108CD92198F3C480020A273 /* FSU1ViewController.xib */ = {isa = PBXFileReference; fileEncoding = 4; lastKnownFileType = file.xib; path = FSU1ViewController.xib; sourceTree = "<group>"; };
		F108CD93198F3C480020A273 /* iBeaconViewController.h */ = {isa = PBXFileReference; fileEncoding = 4; lastKnownFileType = sourcecode.c.h; path = iBeaconViewController.h; sourceTree = "<group>"; };
		F108CD94198F3C480020A273 /* iBeaconViewController.m */ = {isa = PBXFileReference; fileEncoding = 4; lastKnownFileType = sourcecode.c.objc; path = iBeaconViewController.m; sourceTree = "<group>"; };
		F108CD95198F3C480020A273 /* iBeaconViewController.xib */ = {isa = PBXFileReference; fileEncoding = 4; lastKnownFileType = file.xib; path = iBeaconViewController.xib; sourceTree = "<group>"; };
		F108CD96198F3C480020A273 /* MenuTableVC.h */ = {isa = PBXFileReference; fileEncoding = 4; lastKnownFileType = sourcecode.c.h; path = MenuTableVC.h; sourceTree = "<group>"; };
		F108CD97198F3C480020A273 /* MenuTableVC.m */ = {isa = PBXFileReference; fileEncoding = 4; lastKnownFileType = sourcecode.c.objc; path = MenuTableVC.m; sourceTree = "<group>"; };
		F108CD98198F3C480020A273 /* MenuTableVC.xib */ = {isa = PBXFileReference; fileEncoding = 4; lastKnownFileType = file.xib; path = MenuTableVC.xib; sourceTree = "<group>"; };
		F108CD99198F3C480020A273 /* ViewController.xib */ = {isa = PBXFileReference; fileEncoding = 4; lastKnownFileType = file.xib; path = ViewController.xib; sourceTree = "<group>"; };
		F108CD9A198F3C480020A273 /* WelcomeViewController.h */ = {isa = PBXFileReference; fileEncoding = 4; lastKnownFileType = sourcecode.c.h; path = WelcomeViewController.h; sourceTree = "<group>"; };
		F108CD9B198F3C480020A273 /* WelcomeViewController.m */ = {isa = PBXFileReference; fileEncoding = 4; lastKnownFileType = sourcecode.c.objc; path = WelcomeViewController.m; sourceTree = "<group>"; };
		F108CD9C198F3C480020A273 /* WelcomeViewController.xib */ = {isa = PBXFileReference; fileEncoding = 4; lastKnownFileType = file.xib; path = WelcomeViewController.xib; sourceTree = "<group>"; };
		F108CDA0198F3C480020A273 /* FSU1_Data.json */ = {isa = PBXFileReference; fileEncoding = 4; lastKnownFileType = text.json; path = FSU1_Data.json; sourceTree = "<group>"; };
		F108CDA1198F3C480020A273 /* MCafe.json */ = {isa = PBXFileReference; fileEncoding = 4; lastKnownFileType = text.json; path = MCafe.json; sourceTree = "<group>"; };
		F108CDA3198F3C480020A273 /* 2circle.png */ = {isa = PBXFileReference; lastKnownFileType = image.png; path = 2circle.png; sourceTree = "<group>"; };
		F108CDA4198F3C480020A273 /* avatar.jpg */ = {isa = PBXFileReference; lastKnownFileType = image.jpeg; path = avatar.jpg; sourceTree = "<group>"; };
		F108CDA5198F3C480020A273 /* background.jpg */ = {isa = PBXFileReference; lastKnownFileType = image.jpeg; path = background.jpg; sourceTree = "<group>"; };
		F108CDA6198F3C480020A273 /* broadcast0.png */ = {isa = PBXFileReference; lastKnownFileType = image.png; path = broadcast0.png; sourceTree = "<group>"; };
		F108CDA7198F3C480020A273 /* broadcast1.png */ = {isa = PBXFileReference; lastKnownFileType = image.png; path = broadcast1.png; sourceTree = "<group>"; };
		F108CDA8198F3C480020A273 /* broadcast2.png */ = {isa = PBXFileReference; lastKnownFileType = image.png; path = broadcast2.png; sourceTree = "<group>"; };
		F108CDA9198F3C480020A273 /* button-2.png */ = {isa = PBXFileReference; lastKnownFileType = image.png; path = "button-2.png"; sourceTree = "<group>"; };
		F108CDAA198F3C480020A273 /* button.png */ = {isa = PBXFileReference; lastKnownFileType = image.png; path = button.png; sourceTree = "<group>"; };
		F108CDAB198F3C480020A273 /* cafe_bg.png */ = {isa = PBXFileReference; lastKnownFileType = image.png; path = cafe_bg.png; sourceTree = "<group>"; };
		F108CDAC198F3C480020A273 /* check.png */ = {isa = PBXFileReference; lastKnownFileType = image.png; path = check.png; sourceTree = "<group>"; };
		F108CDAD198F3C480020A273 /* circle copy.png */ = {isa = PBXFileReference; lastKnownFileType = image.png; path = "circle copy.png"; sourceTree = "<group>"; };
		F108CDAE198F3C480020A273 /* circle copy3.png */ = {isa = PBXFileReference; lastKnownFileType = image.png; path = "circle copy3.png"; sourceTree = "<group>"; };
		F108CDAF198F3C480020A273 /* circle copy4.png */ = {isa = PBXFileReference; lastKnownFileType = image.png; path = "circle copy4.png"; sourceTree = "<group>"; };
		F108CDB0198F3C480020A273 /* circle.png */ = {isa = PBXFileReference; lastKnownFileType = image.png; path = circle.png; sourceTree = "<group>"; };
		F108CDB1198F3C480020A273 /* FTourLogo.png */ = {isa = PBXFileReference; lastKnownFileType = image.png; path = FTourLogo.png; sourceTree = "<group>"; };
		F108CDB2198F3C480020A273 /* FTourlogoV2.png */ = {isa = PBXFileReference; lastKnownFileType = image.png; path = FTourlogoV2.png; sourceTree = "<group>"; };
		F108CDB3198F3C480020A273 /* FTourlogov22.png */ = {isa = PBXFileReference; lastKnownFileType = image.png; path = FTourlogov22.png; sourceTree = "<group>"; };
		F108CDB4198F3C480020A273 /* human.png */ = {isa = PBXFileReference; lastKnownFileType = image.png; path = human.png; sourceTree = "<group>"; };
		F108CDB5198F3C480020A273 /* icon.png */ = {isa = PBXFileReference; lastKnownFileType = image.png; path = icon.png; sourceTree = "<group>"; };
		F108CDB6198F3C480020A273 /* LogoFSO(2).png */ = {isa = PBXFileReference; lastKnownFileType = image.png; path = "LogoFSO(2).png"; sourceTree = "<group>"; };
		F108CDB7198F3C480020A273 /* menu.png */ = {isa = PBXFileReference; lastKnownFileType = image.png; path = menu.png; sourceTree = "<group>"; };
		F108CDB8198F3C480020A273 /* menu@2x.png */ = {isa = PBXFileReference; lastKnownFileType = image.png; path = "menu@2x.png"; sourceTree = "<group>"; };
		F108CDB9198F3C480020A273 /* omnom_02.png */ = {isa = PBXFileReference; lastKnownFileType = image.png; path = omnom_02.png; sourceTree = "<group>"; };
		F108CDBB198F3C480020A273 /* FSoft720R.mov */ = {isa = PBXFileReference; lastKnownFileType = video.quicktime; path = FSoft720R.mov; sourceTree = "<group>"; };
		F108CDBC198F3C480020A273 /* FSU1720R.mov */ = {isa = PBXFileReference; lastKnownFileType = video.quicktime; path = FSU1720R.mov; sourceTree = "<group>"; };
		F13BF8501992144D00616DEF /* Contact.h */ = {isa = PBXFileReference; fileEncoding = 4; lastKnownFileType = sourcecode.c.h; path = Contact.h; sourceTree = "<group>"; };
		F13BF8511992144D00616DEF /* Contact.m */ = {isa = PBXFileReference; fileEncoding = 4; lastKnownFileType = sourcecode.c.objc; path = Contact.m; sourceTree = "<group>"; };
		F13BF8521992144D00616DEF /* Food.h */ = {isa = PBXFileReference; fileEncoding = 4; lastKnownFileType = sourcecode.c.h; path = Food.h; sourceTree = "<group>"; };
		F13BF8531992144D00616DEF /* Food.m */ = {isa = PBXFileReference; fileEncoding = 4; lastKnownFileType = sourcecode.c.objc; path = Food.m; sourceTree = "<group>"; };
		F13BF8571992147700616DEF /* DataService.h */ = {isa = PBXFileReference; fileEncoding = 4; lastKnownFileType = sourcecode.c.h; path = DataService.h; sourceTree = "<group>"; };
		F13BF8581992147700616DEF /* DataService.m */ = {isa = PBXFileReference; fileEncoding = 4; lastKnownFileType = sourcecode.c.objc; path = DataService.m; sourceTree = "<group>"; };
/* End PBXFileReference section */

/* Begin PBXFrameworksBuildPhase section */
		84A62AA5196A96F500D73A95 /* Frameworks */ = {
			isa = PBXFrameworksBuildPhase;
			buildActionMask = 2147483647;
			files = (
				18C54B66196E38A40056865D /* MessageUI.framework in Frameworks */,
				18C54B64196E26B00056865D /* MediaPlayer.framework in Frameworks */,
				18129C51196B8FD50004AE71 /* CoreBluetooth.framework in Frameworks */,
				18F2BFC3196B8978003A87EA /* CoreLocation.framework in Frameworks */,
				84A62AAE196A96F500D73A95 /* CoreGraphics.framework in Frameworks */,
				84A62AB0196A96F500D73A95 /* UIKit.framework in Frameworks */,
				84A62AAC196A96F500D73A95 /* Foundation.framework in Frameworks */,
			);
			runOnlyForDeploymentPostprocessing = 0;
		};
		84A62AC6196A96F500D73A95 /* Frameworks */ = {
			isa = PBXFrameworksBuildPhase;
			buildActionMask = 2147483647;
			files = (
				84A62ACB196A96F500D73A95 /* XCTest.framework in Frameworks */,
				84A62ACD196A96F500D73A95 /* UIKit.framework in Frameworks */,
				84A62ACC196A96F500D73A95 /* Foundation.framework in Frameworks */,
			);
			runOnlyForDeploymentPostprocessing = 0;
		};
/* End PBXFrameworksBuildPhase section */

/* Begin PBXGroup section */
		188E1914198F6A7E0031C770 /* API */ = {
			isa = PBXGroup;
			children = (
				188E1915198F6AA50031C770 /* DataStore.h */,
				188E1916198F6AA50031C770 /* DataStore.m */,
			);
			name = API;
			sourceTree = "<group>";
		};
		6199960519946B8300848F94 /* 01 HomeScreen */ = {
			isa = PBXGroup;
			children = (
				F108CD85198F3C480020A273 /* BaseViewController.h */,
				F108CD86198F3C480020A273 /* BaseViewController.m */,
				F108CD99198F3C480020A273 /* ViewController.xib */,
				6199960619946B8F00848F94 /* 01 iBeacon Me */,
				6199960719946BCC00848F94 /* 02 Proximity */,
			);
			name = "01 HomeScreen";
			sourceTree = "<group>";
		};
		6199960619946B8F00848F94 /* 01 iBeacon Me */ = {
			isa = PBXGroup;
			children = (
				F108CD93198F3C480020A273 /* iBeaconViewController.h */,
				F108CD94198F3C480020A273 /* iBeaconViewController.m */,
				F108CD95198F3C480020A273 /* iBeaconViewController.xib */,
			);
			name = "01 iBeacon Me";
			sourceTree = "<group>";
		};
		6199960719946BCC00848F94 /* 02 Proximity */ = {
			isa = PBXGroup;
			children = (
				F108CD9A198F3C480020A273 /* WelcomeViewController.h */,
				F108CD9B198F3C480020A273 /* WelcomeViewController.m */,
				F108CD9C198F3C480020A273 /* WelcomeViewController.xib */,
				6199960819946D1A00848F94 /* 01 FSoft */,
				6199960919946D3500848F94 /* 02 FSu1 */,
				6199960A19946D4900848F94 /* 03 Cafe */,
			);
			name = "02 Proximity";
			sourceTree = "<group>";
		};
		6199960819946D1A00848F94 /* 01 FSoft */ = {
			isa = PBXGroup;
			children = (
				F108CD8A198F3C480020A273 /* FSoftViewController.h */,
				F108CD8B198F3C480020A273 /* FSoftViewController.m */,
				F108CD8C198F3C480020A273 /* FSoftViewController.xib */,
			);
			name = "01 FSoft";
			sourceTree = "<group>";
		};
		6199960919946D3500848F94 /* 02 FSu1 */ = {
			isa = PBXGroup;
			children = (
				F108CD90198F3C480020A273 /* FSU1ViewController.h */,
				F108CD91198F3C480020A273 /* FSU1ViewController.m */,
				F108CD92198F3C480020A273 /* FSU1ViewController.xib */,
				F108CD8D198F3C480020A273 /* FSU1DetailViewController.h */,
				F108CD8E198F3C480020A273 /* FSU1DetailViewController.m */,
				F108CD8F198F3C480020A273 /* FSU1DetailViewController.xib */,
			);
			name = "02 FSu1";
			sourceTree = "<group>";
		};
		6199960A19946D4900848F94 /* 03 Cafe */ = {
			isa = PBXGroup;
			children = (
				F108CD96198F3C480020A273 /* MenuTableVC.h */,
				F108CD97198F3C480020A273 /* MenuTableVC.m */,
				F108CD98198F3C480020A273 /* MenuTableVC.xib */,
				F108CD87198F3C480020A273 /* CafeViewController.h */,
				F108CD88198F3C480020A273 /* CafeViewController.m */,
				F108CD89198F3C480020A273 /* CafeViewController.xib */,
			);
			name = "03 Cafe";
			sourceTree = "<group>";
		};
		84A62A9F196A96F400D73A95 = {
			isa = PBXGroup;
			children = (
				84A62AB1196A96F500D73A95 /* FTour */,
				84A62AD0196A96F500D73A95 /* FTourTests */,
				84A62AAA196A96F500D73A95 /* Frameworks */,
				84A62AA9196A96F500D73A95 /* Products */,
			);
			sourceTree = "<group>";
		};
		84A62AA9196A96F500D73A95 /* Products */ = {
			isa = PBXGroup;
			children = (
				84A62AA8196A96F500D73A95 /* FTour.app */,
				84A62AC9196A96F500D73A95 /* FTourTests.xctest */,
			);
			name = Products;
			sourceTree = "<group>";
		};
		84A62AAA196A96F500D73A95 /* Frameworks */ = {
			isa = PBXGroup;
			children = (
				18C54B65196E38A40056865D /* MessageUI.framework */,
				18C54B63196E26B00056865D /* MediaPlayer.framework */,
				18129C50196B8FD50004AE71 /* CoreBluetooth.framework */,
				18F2BFC2196B8978003A87EA /* CoreLocation.framework */,
				84A62AAB196A96F500D73A95 /* Foundation.framework */,
				84A62AAD196A96F500D73A95 /* CoreGraphics.framework */,
				84A62AAF196A96F500D73A95 /* UIKit.framework */,
				84A62ACA196A96F500D73A95 /* XCTest.framework */,
			);
			name = Frameworks;
			sourceTree = "<group>";
		};
		84A62AB1196A96F500D73A95 /* FTour */ = {
			isa = PBXGroup;
			children = (
				F13BF8561992146000616DEF /* DataServices */,
				188E1914198F6A7E0031C770 /* API */,
				F108CD81198F3C480020A273 /* AppDelegate */,
				F108CD84198F3C480020A273 /* Controller */,
				F108CD9D198F3C480020A273 /* Model */,
				F108CD9E198F3C480020A273 /* Resources */,
				F108CDBD198F3C480020A273 /* View */,
				84A62AC3196A96F500D73A95 /* Images.xcassets */,
				84A62AB2196A96F500D73A95 /* Supporting Files */,
			);
			path = FTour;
			sourceTree = "<group>";
		};
		84A62AB2196A96F500D73A95 /* Supporting Files */ = {
			isa = PBXGroup;
			children = (
				84A62AB3196A96F500D73A95 /* FTour-Info.plist */,
				84A62AB4196A96F500D73A95 /* InfoPlist.strings */,
				84A62AB7196A96F500D73A95 /* main.m */,
				84A62AB9196A96F500D73A95 /* FTour-Prefix.pch */,
			);
			name = "Supporting Files";
			sourceTree = "<group>";
		};
		84A62AD0196A96F500D73A95 /* FTourTests */ = {
			isa = PBXGroup;
			children = (
				84A62AD6196A96F500D73A95 /* FTourTests.m */,
				84A62AD1196A96F500D73A95 /* Supporting Files */,
			);
			path = FTourTests;
			sourceTree = "<group>";
		};
		84A62AD1196A96F500D73A95 /* Supporting Files */ = {
			isa = PBXGroup;
			children = (
				84A62AD2196A96F500D73A95 /* FTourTests-Info.plist */,
				84A62AD3196A96F500D73A95 /* InfoPlist.strings */,
			);
			name = "Supporting Files";
			sourceTree = "<group>";
		};
		F108CD81198F3C480020A273 /* AppDelegate */ = {
			isa = PBXGroup;
			children = (
				F108CD82198F3C480020A273 /* AppDelegate.h */,
				F108CD83198F3C480020A273 /* AppDelegate.m */,
			);
			path = AppDelegate;
			sourceTree = "<group>";
		};
		F108CD84198F3C480020A273 /* Controller */ = {
			isa = PBXGroup;
			children = (
				6199960519946B8300848F94 /* 01 HomeScreen */,
				61BB9534198F646800B99261 /* PersistencyManager.h */,
				61BB9535198F646800B99261 /* PersistencyManager.m */,
			);
			path = Controller;
			sourceTree = "<group>";
		};
		F108CD9D198F3C480020A273 /* Model */ = {
			isa = PBXGroup;
			children = (
				F13BF8501992144D00616DEF /* Contact.h */,
				F13BF8511992144D00616DEF /* Contact.m */,
				F13BF8521992144D00616DEF /* Food.h */,
				F13BF8531992144D00616DEF /* Food.m */,
			);
			path = Model;
			sourceTree = "<group>";
		};
		F108CD9E198F3C480020A273 /* Resources */ = {
			isa = PBXGroup;
			children = (
				F108CD9F198F3C480020A273 /* Data */,
				F108CDA2198F3C480020A273 /* Image */,
				F108CDBA198F3C480020A273 /* Video */,
			);
			path = Resources;
			sourceTree = "<group>";
		};
		F108CD9F198F3C480020A273 /* Data */ = {
			isa = PBXGroup;
			children = (
				F108CDA0198F3C480020A273 /* FSU1_Data.json */,
				F108CDA1198F3C480020A273 /* MCafe.json */,
			);
			path = Data;
			sourceTree = "<group>";
		};
		F108CDA2198F3C480020A273 /* Image */ = {
			isa = PBXGroup;
			children = (
				619995FF1991D1E400848F94 /* 1407308422_user.png */,
				619996001991D1E400848F94 /* 1407307486_telephone.png */,
				619996011991D1E400848F94 /* 1407307477_email.png */,
				18832D371990C15100A175DB /* stopButton.png */,
				187507FD1990BE4D00152DE9 /* ibeaconButton.png */,
				F108CDA3198F3C480020A273 /* 2circle.png */,
				F108CDA4198F3C480020A273 /* avatar.jpg */,
				F108CDA5198F3C480020A273 /* background.jpg */,
				F108CDA6198F3C480020A273 /* broadcast0.png */,
				F108CDA7198F3C480020A273 /* broadcast1.png */,
				F108CDA8198F3C480020A273 /* broadcast2.png */,
				F108CDA9198F3C480020A273 /* button-2.png */,
				F108CDAA198F3C480020A273 /* button.png */,
				F108CDAB198F3C480020A273 /* cafe_bg.png */,
				F108CDAC198F3C480020A273 /* check.png */,
				F108CDAD198F3C480020A273 /* circle copy.png */,
				F108CDAE198F3C480020A273 /* circle copy3.png */,
				F108CDAF198F3C480020A273 /* circle copy4.png */,
				F108CDB0198F3C480020A273 /* circle.png */,
				F108CDB1198F3C480020A273 /* FTourLogo.png */,
				F108CDB2198F3C480020A273 /* FTourlogoV2.png */,
				F108CDB3198F3C480020A273 /* FTourlogov22.png */,
				F108CDB4198F3C480020A273 /* human.png */,
				F108CDB5198F3C480020A273 /* icon.png */,
				F108CDB6198F3C480020A273 /* LogoFSO(2).png */,
				F108CDB7198F3C480020A273 /* menu.png */,
				F108CDB8198F3C480020A273 /* menu@2x.png */,
				F108CDB9198F3C480020A273 /* omnom_02.png */,
			);
			path = Image;
			sourceTree = "<group>";
		};
		F108CDBA198F3C480020A273 /* Video */ = {
			isa = PBXGroup;
			children = (
				F108CDBB198F3C480020A273 /* FSoft720R.mov */,
				F108CDBC198F3C480020A273 /* FSU1720R.mov */,
			);
			path = Video;
			sourceTree = "<group>";
		};
		F108CDBD198F3C480020A273 /* View */ = {
			isa = PBXGroup;
			children = (
			);
			path = View;
			sourceTree = "<group>";
		};
		F13BF8561992146000616DEF /* DataServices */ = {
			isa = PBXGroup;
			children = (
				F13BF8571992147700616DEF /* DataService.h */,
				F13BF8581992147700616DEF /* DataService.m */,
			);
			path = DataServices;
			sourceTree = "<group>";
		};
/* End PBXGroup section */

/* Begin PBXNativeTarget section */
		84A62AA7196A96F500D73A95 /* FTour */ = {
			isa = PBXNativeTarget;
			buildConfigurationList = 84A62ADA196A96F500D73A95 /* Build configuration list for PBXNativeTarget "FTour" */;
			buildPhases = (
				84A62AA4196A96F500D73A95 /* Sources */,
				84A62AA5196A96F500D73A95 /* Frameworks */,
				84A62AA6196A96F500D73A95 /* Resources */,
			);
			buildRules = (
			);
			dependencies = (
			);
			name = FTour;
			productName = FTour;
			productReference = 84A62AA8196A96F500D73A95 /* FTour.app */;
			productType = "com.apple.product-type.application";
		};
		84A62AC8196A96F500D73A95 /* FTourTests */ = {
			isa = PBXNativeTarget;
			buildConfigurationList = 84A62ADD196A96F500D73A95 /* Build configuration list for PBXNativeTarget "FTourTests" */;
			buildPhases = (
				84A62AC5196A96F500D73A95 /* Sources */,
				84A62AC6196A96F500D73A95 /* Frameworks */,
				84A62AC7196A96F500D73A95 /* Resources */,
			);
			buildRules = (
			);
			dependencies = (
				84A62ACF196A96F500D73A95 /* PBXTargetDependency */,
			);
			name = FTourTests;
			productName = FTourTests;
			productReference = 84A62AC9196A96F500D73A95 /* FTourTests.xctest */;
			productType = "com.apple.product-type.bundle.unit-test";
		};
/* End PBXNativeTarget section */

/* Begin PBXProject section */
		84A62AA0196A96F400D73A95 /* Project object */ = {
			isa = PBXProject;
			attributes = {
				LastUpgradeCheck = 0510;
				ORGANIZATIONNAME = FSoft;
				TargetAttributes = {
					84A62AC8196A96F500D73A95 = {
						TestTargetID = 84A62AA7196A96F500D73A95;
					};
				};
			};
			buildConfigurationList = 84A62AA3196A96F400D73A95 /* Build configuration list for PBXProject "FTour" */;
			compatibilityVersion = "Xcode 3.2";
			developmentRegion = English;
			hasScannedForEncodings = 0;
			knownRegions = (
				en,
				Base,
			);
			mainGroup = 84A62A9F196A96F400D73A95;
			productRefGroup = 84A62AA9196A96F500D73A95 /* Products */;
			projectDirPath = "";
			projectRoot = "";
			targets = (
				84A62AA7196A96F500D73A95 /* FTour */,
				84A62AC8196A96F500D73A95 /* FTourTests */,
			);
		};
/* End PBXProject section */

/* Begin PBXResourcesBuildPhase section */
		84A62AA6196A96F500D73A95 /* Resources */ = {
			isa = PBXResourcesBuildPhase;
			buildActionMask = 2147483647;
			files = (
				84A62AC4196A96F500D73A95 /* Images.xcassets in Resources */,
				F108CDE6198F3C480020A273 /* menu@2x.png in Resources */,
				F108CDE8198F3C480020A273 /* FSoft720R.mov in Resources */,
				F108CDD8198F3C480020A273 /* button.png in Resources */,
				187507FE1990BE4D00152DE9 /* ibeaconButton.png in Resources */,
				F108CDCC198F3C480020A273 /* ViewController.xib in Resources */,
				F108CDDC198F3C480020A273 /* circle copy3.png in Resources */,
				F108CDC5198F3C480020A273 /* FSU1DetailViewController.xib in Resources */,
				F108CDDA198F3C480020A273 /* check.png in Resources */,
				F108CDE7198F3C480020A273 /* omnom_02.png in Resources */,
				F108CDCF198F3C480020A273 /* FSU1_Data.json in Resources */,
				F108CDE9198F3C480020A273 /* FSU1720R.mov in Resources */,
				F108CDD4198F3C480020A273 /* broadcast0.png in Resources */,
				F108CDE5198F3C480020A273 /* menu.png in Resources */,
				F108CDE3198F3C480020A273 /* icon.png in Resources */,
				F108CDD5198F3C480020A273 /* broadcast1.png in Resources */,
				F108CDD7198F3C480020A273 /* button-2.png in Resources */,
				F108CDD6198F3C480020A273 /* broadcast2.png in Resources */,
				F108CDD9198F3C480020A273 /* cafe_bg.png in Resources */,
				18832D381990C15100A175DB /* stopButton.png in Resources */,
				F108CDDB198F3C480020A273 /* circle copy.png in Resources */,
				F108CDC3198F3C480020A273 /* FSoftViewController.xib in Resources */,
				619996031991D1E400848F94 /* 1407307486_telephone.png in Resources */,
				F108CDC9198F3C480020A273 /* iBeaconViewController.xib in Resources */,
				F108CDE0198F3C480020A273 /* FTourlogoV2.png in Resources */,
				F108CDD3198F3C480020A273 /* background.jpg in Resources */,
				F108CDDF198F3C480020A273 /* FTourLogo.png in Resources */,
				F108CDCE198F3C480020A273 /* WelcomeViewController.xib in Resources */,
				619996021991D1E400848F94 /* 1407308422_user.png in Resources */,
				F108CDE2198F3C480020A273 /* human.png in Resources */,
				619996041991D1E400848F94 /* 1407307477_email.png in Resources */,
				F108CDC7198F3C480020A273 /* FSU1ViewController.xib in Resources */,
				F108CDD2198F3C480020A273 /* avatar.jpg in Resources */,
				F108CDC1198F3C480020A273 /* CafeViewController.xib in Resources */,
				F108CDE1198F3C480020A273 /* FTourlogov22.png in Resources */,
				F108CDDD198F3C480020A273 /* circle copy4.png in Resources */,
				F108CDD1198F3C480020A273 /* 2circle.png in Resources */,
				F108CDCB198F3C480020A273 /* MenuTableVC.xib in Resources */,
				F108CDDE198F3C480020A273 /* circle.png in Resources */,
				F108CDE4198F3C480020A273 /* LogoFSO(2).png in Resources */,
				F108CDD0198F3C480020A273 /* MCafe.json in Resources */,
				84A62AB6196A96F500D73A95 /* InfoPlist.strings in Resources */,
			);
			runOnlyForDeploymentPostprocessing = 0;
		};
		84A62AC7196A96F500D73A95 /* Resources */ = {
			isa = PBXResourcesBuildPhase;
			buildActionMask = 2147483647;
			files = (
				84A62AD5196A96F500D73A95 /* InfoPlist.strings in Resources */,
			);
			runOnlyForDeploymentPostprocessing = 0;
		};
/* End PBXResourcesBuildPhase section */

/* Begin PBXSourcesBuildPhase section */
		84A62AA4196A96F500D73A95 /* Sources */ = {
			isa = PBXSourcesBuildPhase;
			buildActionMask = 2147483647;
			files = (
				F108CDC4198F3C480020A273 /* FSU1DetailViewController.m in Sources */,
				F13BF8551992144D00616DEF /* Food.m in Sources */,
				F108CDBE198F3C480020A273 /* AppDelegate.m in Sources */,
				F108CDC8198F3C480020A273 /* iBeaconViewController.m in Sources */,
				61BB9536198F646800B99261 /* PersistencyManager.m in Sources */,
				F108CDC6198F3C480020A273 /* FSU1ViewController.m in Sources */,
				F13BF8591992147700616DEF /* DataService.m in Sources */,
				F13BF8541992144D00616DEF /* Contact.m in Sources */,
				F108CDC0198F3C480020A273 /* CafeViewController.m in Sources */,
				188E1917198F6AA50031C770 /* DataStore.m in Sources */,
				F108CDCD198F3C480020A273 /* WelcomeViewController.m in Sources */,
				F108CDBF198F3C480020A273 /* BaseViewController.m in Sources */,
				F108CDCA198F3C480020A273 /* MenuTableVC.m in Sources */,
				84A62AB8196A96F500D73A95 /* main.m in Sources */,
				F108CDC2198F3C480020A273 /* FSoftViewController.m in Sources */,
			);
			runOnlyForDeploymentPostprocessing = 0;
		};
		84A62AC5196A96F500D73A95 /* Sources */ = {
			isa = PBXSourcesBuildPhase;
			buildActionMask = 2147483647;
			files = (
				84A62AD7196A96F500D73A95 /* FTourTests.m in Sources */,
			);
			runOnlyForDeploymentPostprocessing = 0;
		};
/* End PBXSourcesBuildPhase section */

/* Begin PBXTargetDependency section */
		84A62ACF196A96F500D73A95 /* PBXTargetDependency */ = {
			isa = PBXTargetDependency;
			target = 84A62AA7196A96F500D73A95 /* FTour */;
			targetProxy = 84A62ACE196A96F500D73A95 /* PBXContainerItemProxy */;
		};
/* End PBXTargetDependency section */

/* Begin PBXVariantGroup section */
		84A62AB4196A96F500D73A95 /* InfoPlist.strings */ = {
			isa = PBXVariantGroup;
			children = (
				84A62AB5196A96F500D73A95 /* en */,
			);
			name = InfoPlist.strings;
			sourceTree = "<group>";
		};
		84A62AD3196A96F500D73A95 /* InfoPlist.strings */ = {
			isa = PBXVariantGroup;
			children = (
				84A62AD4196A96F500D73A95 /* en */,
			);
			name = InfoPlist.strings;
			sourceTree = "<group>";
		};
/* End PBXVariantGroup section */

/* Begin XCBuildConfiguration section */
		84A62AD8196A96F500D73A95 /* Debug */ = {
			isa = XCBuildConfiguration;
			buildSettings = {
				ALWAYS_SEARCH_USER_PATHS = NO;
				CLANG_CXX_LANGUAGE_STANDARD = "gnu++0x";
				CLANG_CXX_LIBRARY = "libc++";
				CLANG_ENABLE_MODULES = YES;
				CLANG_ENABLE_OBJC_ARC = YES;
				CLANG_WARN_BOOL_CONVERSION = YES;
				CLANG_WARN_CONSTANT_CONVERSION = YES;
				CLANG_WARN_DIRECT_OBJC_ISA_USAGE = YES_ERROR;
				CLANG_WARN_EMPTY_BODY = YES;
				CLANG_WARN_ENUM_CONVERSION = YES;
				CLANG_WARN_INT_CONVERSION = YES;
				CLANG_WARN_OBJC_ROOT_CLASS = YES_ERROR;
				CLANG_WARN__DUPLICATE_METHOD_MATCH = YES;
				"CODE_SIGN_IDENTITY[sdk=iphoneos*]" = "iPhone Developer";
				COPY_PHASE_STRIP = NO;
				GCC_C_LANGUAGE_STANDARD = gnu99;
				GCC_DYNAMIC_NO_PIC = NO;
				GCC_OPTIMIZATION_LEVEL = 0;
				GCC_PREPROCESSOR_DEFINITIONS = (
					"DEBUG=1",
					"$(inherited)",
				);
				GCC_SYMBOLS_PRIVATE_EXTERN = NO;
				GCC_WARN_64_TO_32_BIT_CONVERSION = YES;
				GCC_WARN_ABOUT_RETURN_TYPE = YES_ERROR;
				GCC_WARN_UNDECLARED_SELECTOR = YES;
				GCC_WARN_UNINITIALIZED_AUTOS = YES_AGGRESSIVE;
				GCC_WARN_UNUSED_FUNCTION = YES;
				GCC_WARN_UNUSED_VARIABLE = YES;
				IPHONEOS_DEPLOYMENT_TARGET = 7.0;
				ONLY_ACTIVE_ARCH = YES;
				SDKROOT = iphoneos;
			};
			name = Debug;
		};
		84A62AD9196A96F500D73A95 /* Release */ = {
			isa = XCBuildConfiguration;
			buildSettings = {
				ALWAYS_SEARCH_USER_PATHS = NO;
				CLANG_CXX_LANGUAGE_STANDARD = "gnu++0x";
				CLANG_CXX_LIBRARY = "libc++";
				CLANG_ENABLE_MODULES = YES;
				CLANG_ENABLE_OBJC_ARC = YES;
				CLANG_WARN_BOOL_CONVERSION = YES;
				CLANG_WARN_CONSTANT_CONVERSION = YES;
				CLANG_WARN_DIRECT_OBJC_ISA_USAGE = YES_ERROR;
				CLANG_WARN_EMPTY_BODY = YES;
				CLANG_WARN_ENUM_CONVERSION = YES;
				CLANG_WARN_INT_CONVERSION = YES;
				CLANG_WARN_OBJC_ROOT_CLASS = YES_ERROR;
				CLANG_WARN__DUPLICATE_METHOD_MATCH = YES;
				"CODE_SIGN_IDENTITY[sdk=iphoneos*]" = "iPhone Developer";
				COPY_PHASE_STRIP = YES;
				ENABLE_NS_ASSERTIONS = NO;
				GCC_C_LANGUAGE_STANDARD = gnu99;
				GCC_WARN_64_TO_32_BIT_CONVERSION = YES;
				GCC_WARN_ABOUT_RETURN_TYPE = YES_ERROR;
				GCC_WARN_UNDECLARED_SELECTOR = YES;
				GCC_WARN_UNINITIALIZED_AUTOS = YES_AGGRESSIVE;
				GCC_WARN_UNUSED_FUNCTION = YES;
				GCC_WARN_UNUSED_VARIABLE = YES;
				IPHONEOS_DEPLOYMENT_TARGET = 7.0;
				SDKROOT = iphoneos;
				VALIDATE_PRODUCT = YES;
			};
			name = Release;
		};
		84A62ADB196A96F500D73A95 /* Debug */ = {
			isa = XCBuildConfiguration;
			buildSettings = {
				ASSETCATALOG_COMPILER_APPICON_NAME = AppIcon;
				ASSETCATALOG_COMPILER_LAUNCHIMAGE_NAME = LaunchImage;
				CODE_SIGN_IDENTITY = "iPhone Developer: Long Nguyen (M6FKXHWXBY)";
				"CODE_SIGN_IDENTITY[sdk=iphoneos*]" = "iPhone Developer: Long Nguyen (M6FKXHWXBY)";
				GCC_PRECOMPILE_PREFIX_HEADER = YES;
				GCC_PREFIX_HEADER = "FTour/FTour-Prefix.pch";
				INFOPLIST_FILE = "FTour/FTour-Info.plist";
				PRODUCT_NAME = "$(TARGET_NAME)";
				PROVISIONING_PROFILE = "7052599A-A55E-4571-9B1A-B39ECF4C8C22";
				WRAPPER_EXTENSION = app;
			};
			name = Debug;
		};
		84A62ADC196A96F500D73A95 /* Release */ = {
			isa = XCBuildConfiguration;
			buildSettings = {
				ASSETCATALOG_COMPILER_APPICON_NAME = AppIcon;
				ASSETCATALOG_COMPILER_LAUNCHIMAGE_NAME = LaunchImage;
				CODE_SIGN_IDENTITY = "iPhone Developer: Long Nguyen (M6FKXHWXBY)";
				"CODE_SIGN_IDENTITY[sdk=iphoneos*]" = "iPhone Developer: Long Nguyen (M6FKXHWXBY)";
				GCC_PRECOMPILE_PREFIX_HEADER = YES;
				GCC_PREFIX_HEADER = "FTour/FTour-Prefix.pch";
				INFOPLIST_FILE = "FTour/FTour-Info.plist";
				PRODUCT_NAME = "$(TARGET_NAME)";
				PROVISIONING_PROFILE = "7052599A-A55E-4571-9B1A-B39ECF4C8C22";
				WRAPPER_EXTENSION = app;
			};
			name = Release;
		};
		84A62ADE196A96F500D73A95 /* Debug */ = {
			isa = XCBuildConfiguration;
			buildSettings = {
				BUNDLE_LOADER = "$(BUILT_PRODUCTS_DIR)/FTour.app/FTour";
				FRAMEWORK_SEARCH_PATHS = (
					"$(SDKROOT)/Developer/Library/Frameworks",
					"$(inherited)",
					"$(DEVELOPER_FRAMEWORKS_DIR)",
				);
				GCC_PRECOMPILE_PREFIX_HEADER = YES;
				GCC_PREFIX_HEADER = "FTour/FTour-Prefix.pch";
				GCC_PREPROCESSOR_DEFINITIONS = (
					"DEBUG=1",
					"$(inherited)",
				);
				INFOPLIST_FILE = "FTourTests/FTourTests-Info.plist";
				PRODUCT_NAME = "$(TARGET_NAME)";
				TEST_HOST = "$(BUNDLE_LOADER)";
				WRAPPER_EXTENSION = xctest;
			};
			name = Debug;
		};
		84A62ADF196A96F500D73A95 /* Release */ = {
			isa = XCBuildConfiguration;
			buildSettings = {
				BUNDLE_LOADER = "$(BUILT_PRODUCTS_DIR)/FTour.app/FTour";
				FRAMEWORK_SEARCH_PATHS = (
					"$(SDKROOT)/Developer/Library/Frameworks",
					"$(inherited)",
					"$(DEVELOPER_FRAMEWORKS_DIR)",
				);
				GCC_PRECOMPILE_PREFIX_HEADER = YES;
				GCC_PREFIX_HEADER = "FTour/FTour-Prefix.pch";
				INFOPLIST_FILE = "FTourTests/FTourTests-Info.plist";
				PRODUCT_NAME = "$(TARGET_NAME)";
				TEST_HOST = "$(BUNDLE_LOADER)";
				WRAPPER_EXTENSION = xctest;
			};
			name = Release;
		};
/* End XCBuildConfiguration section */

/* Begin XCConfigurationList section */
		84A62AA3196A96F400D73A95 /* Build configuration list for PBXProject "FTour" */ = {
			isa = XCConfigurationList;
			buildConfigurations = (
				84A62AD8196A96F500D73A95 /* Debug */,
				84A62AD9196A96F500D73A95 /* Release */,
			);
			defaultConfigurationIsVisible = 0;
			defaultConfigurationName = Release;
		};
		84A62ADA196A96F500D73A95 /* Build configuration list for PBXNativeTarget "FTour" */ = {
			isa = XCConfigurationList;
			buildConfigurations = (
				84A62ADB196A96F500D73A95 /* Debug */,
				84A62ADC196A96F500D73A95 /* Release */,
			);
			defaultConfigurationIsVisible = 0;
			defaultConfigurationName = Release;
		};
		84A62ADD196A96F500D73A95 /* Build configuration list for PBXNativeTarget "FTourTests" */ = {
			isa = XCConfigurationList;
			buildConfigurations = (
				84A62ADE196A96F500D73A95 /* Debug */,
				84A62ADF196A96F500D73A95 /* Release */,
			);
			defaultConfigurationIsVisible = 0;
			defaultConfigurationName = Release;
		};
/* End XCConfigurationList section */
	};
	rootObject = 84A62AA0196A96F400D73A95 /* Project object */;
}
